// !$*UTF8*$!
{
	archiveVersion = 1;
	classes = {
	};
	objectVersion = 45;
	objects = {

/* Begin PBXBuildFile section */
		194E85C1117E393D000AAADA /* stereo_sound_resource_1.mp3 in Resources */ = {isa = PBXBuildFile; fileRef = 194E85C0117E393D000AAADA /* stereo_sound_resource_1.mp3 */; };
		19A8DDC8115E122F0062EAB6 /* OpenAL.framework in Frameworks */ = {isa = PBXBuildFile; fileRef = 19A8DDC7115E122F0062EAB6 /* OpenAL.framework */; };
		19B3CCB9119EA0A60075357E /* texture_resource_1.png in Resources */ = {isa = PBXBuildFile; fileRef = 19B3CCB8119EA0A60075357E /* texture_resource_1.png */; };
		19B3CD04119EAA350075357E /* CoreGraphics.framework in Frameworks */ = {isa = PBXBuildFile; fileRef = 19B3CD03119EAA350075357E /* CoreGraphics.framework */; };
		19BA211B11676CA4007398AF /* AudioToolbox.framework in Frameworks */ = {isa = PBXBuildFile; fileRef = 19BA211A11676CA4007398AF /* AudioToolbox.framework */; };
		19BFEEB5111DD0FA00424782 /* Icon.png in Resources */ = {isa = PBXBuildFile; fileRef = 19BFEEB4111DD0FA00424782 /* Icon.png */; };
		19C3656911F0D4E5008BCA86 /* iphone_app_delegate.mm in Sources */ = {isa = PBXBuildFile; fileRef = 19C3655911F0D4E5008BCA86 /* iphone_app_delegate.mm */; };
		19C3656A11F0D4E5008BCA86 /* iphone_platform.mm in Sources */ = {isa = PBXBuildFile; fileRef = 19C3656211F0D4E5008BCA86 /* iphone_platform.mm */; };
		19C3656B11F0D4E5008BCA86 /* iphone_sound_loader.m in Sources */ = {isa = PBXBuildFile; fileRef = 19C3656411F0D4E5008BCA86 /* iphone_sound_loader.m */; };
		19C3656C11F0D4E5008BCA86 /* iphone_texture_loader.m in Sources */ = {isa = PBXBuildFile; fileRef = 19C3656611F0D4E5008BCA86 /* iphone_texture_loader.m */; };
		19C3656D11F0D4E5008BCA86 /* iphone_view.mm in Sources */ = {isa = PBXBuildFile; fileRef = 19C3656811F0D4E5008BCA86 /* iphone_view.mm */; };
		1D60589B0D05DD56006BFB54 /* main.m in Sources */ = {isa = PBXBuildFile; fileRef = 29B97316FDCFA39411CA2CEA /* main.m */; };
		1D60589F0D05DD5A006BFB54 /* Foundation.framework in Frameworks */ = {isa = PBXBuildFile; fileRef = 1D30AB110D05D00D00671497 /* Foundation.framework */; };
		1DF5F4E00D08C38300B7A737 /* UIKit.framework in Frameworks */ = {isa = PBXBuildFile; fileRef = 1DF5F4DF0D08C38300B7A737 /* UIKit.framework */; };
		28AD733F0D9D9553002E5188 /* MainWindow.xib in Resources */ = {isa = PBXBuildFile; fileRef = 28AD733E0D9D9553002E5188 /* MainWindow.xib */; };
		28FD15000DC6FC520079059D /* OpenGLES.framework in Frameworks */ = {isa = PBXBuildFile; fileRef = 28FD14FF0DC6FC520079059D /* OpenGLES.framework */; };
		28FD15080DC6FC5B0079059D /* QuartzCore.framework in Frameworks */ = {isa = PBXBuildFile; fileRef = 28FD15070DC6FC5B0079059D /* QuartzCore.framework */; };
/* End PBXBuildFile section */

/* Begin PBXFileReference section */
		191E51D311F0EF2D001C4031 /* scheduler_direct_call.hpp */ = {isa = PBXFileReference; fileEncoding = 4; lastKnownFileType = sourcecode.cpp.h; path = scheduler_direct_call.hpp; sourceTree = "<group>"; };
		192967F711F0E68A00A989F4 /* aggregator.hpp */ = {isa = PBXFileReference; fileEncoding = 4; lastKnownFileType = sourcecode.cpp.h; path = aggregator.hpp; sourceTree = "<group>"; };
		192967F811F0E68A00A989F4 /* engine_camera.hpp */ = {isa = PBXFileReference; fileEncoding = 4; lastKnownFileType = sourcecode.cpp.h; path = engine_camera.hpp; sourceTree = "<group>"; };
		192967F911F0E68A00A989F4 /* engine_math.hpp */ = {isa = PBXFileReference; fileEncoding = 4; lastKnownFileType = sourcecode.cpp.h; path = engine_math.hpp; sourceTree = "<group>"; };
		192967FA11F0E68A00A989F4 /* engine_rasterizer.hpp */ = {isa = PBXFileReference; fileEncoding = 4; lastKnownFileType = sourcecode.cpp.h; path = engine_rasterizer.hpp; sourceTree = "<group>"; };
		192967FB11F0E68A00A989F4 /* engine_render.hpp */ = {isa = PBXFileReference; fileEncoding = 4; lastKnownFileType = sourcecode.cpp.h; path = engine_render.hpp; sourceTree = "<group>"; };
		192967FC11F0E68A00A989F4 /* engine_render_stateless.hpp */ = {isa = PBXFileReference; fileEncoding = 4; lastKnownFileType = sourcecode.cpp.h; path = engine_render_stateless.hpp; sourceTree = "<group>"; };
		192967FD11F0E68A00A989F4 /* facade.hpp */ = {isa = PBXFileReference; fileEncoding = 4; lastKnownFileType = sourcecode.cpp.h; path = facade.hpp; sourceTree = "<group>"; };
		192967FE11F0E68A00A989F4 /* logic.hpp */ = {isa = PBXFileReference; fileEncoding = 4; lastKnownFileType = sourcecode.cpp.h; path = logic.hpp; sourceTree = "<group>"; };
		192967FF11F0E68A00A989F4 /* logic_application.hpp */ = {isa = PBXFileReference; fileEncoding = 4; lastKnownFileType = sourcecode.cpp.h; path = logic_application.hpp; sourceTree = "<group>"; };
		1929680011F0E68A00A989F4 /* logic_camera.hpp */ = {isa = PBXFileReference; fileEncoding = 4; lastKnownFileType = sourcecode.cpp.h; path = logic_camera.hpp; sourceTree = "<group>"; };
		1929680111F0E68A00A989F4 /* logic_entities.hpp */ = {isa = PBXFileReference; fileEncoding = 4; lastKnownFileType = sourcecode.cpp.h; path = logic_entities.hpp; sourceTree = "<group>"; };
		1929680211F0E68A00A989F4 /* logic_fidget.hpp */ = {isa = PBXFileReference; fileEncoding = 4; lastKnownFileType = sourcecode.cpp.h; path = logic_fidget.hpp; sourceTree = "<group>"; };
		1929680311F0E68A00A989F4 /* logic_game.hpp */ = {isa = PBXFileReference; fileEncoding = 4; lastKnownFileType = sourcecode.cpp.h; path = logic_game.hpp; sourceTree = "<group>"; };
		1929680411F0E68A00A989F4 /* logic_image.hpp */ = {isa = PBXFileReference; fileEncoding = 4; lastKnownFileType = sourcecode.cpp.h; path = logic_image.hpp; sourceTree = "<group>"; };
		1929680511F0E68A00A989F4 /* logic_land.hpp */ = {isa = PBXFileReference; fileEncoding = 4; lastKnownFileType = sourcecode.cpp.h; path = logic_land.hpp; sourceTree = "<group>"; };
		1929680611F0E68A00A989F4 /* logic_sound.hpp */ = {isa = PBXFileReference; fileEncoding = 4; lastKnownFileType = sourcecode.cpp.h; path = logic_sound.hpp; sourceTree = "<group>"; };
		1929680711F0E68A00A989F4 /* logic_text.hpp */ = {isa = PBXFileReference; fileEncoding = 4; lastKnownFileType = sourcecode.cpp.h; path = logic_text.hpp; sourceTree = "<group>"; };
		1929680811F0E68A00A989F4 /* logic_text_stateless.hpp */ = {isa = PBXFileReference; fileEncoding = 4; lastKnownFileType = sourcecode.cpp.h; path = logic_text_stateless.hpp; sourceTree = "<group>"; };
		1929680911F0E68A00A989F4 /* logic_title.hpp */ = {isa = PBXFileReference; fileEncoding = 4; lastKnownFileType = sourcecode.cpp.h; path = logic_title.hpp; sourceTree = "<group>"; };
		1929680A11F0E68A00A989F4 /* logic_touch.hpp */ = {isa = PBXFileReference; fileEncoding = 4; lastKnownFileType = sourcecode.cpp.h; path = logic_touch.hpp; sourceTree = "<group>"; };
		1929680B11F0E68A00A989F4 /* mediator.hpp */ = {isa = PBXFileReference; fileEncoding = 4; lastKnownFileType = sourcecode.cpp.h; path = mediator.hpp; sourceTree = "<group>"; };
		194E85C0117E393D000AAADA /* stereo_sound_resource_1.mp3 */ = {isa = PBXFileReference; lastKnownFileType = audio.mp3; name = stereo_sound_resource_1.mp3; path = ../../resources/stereo_sound_resource_1.mp3; sourceTree = SOURCE_ROOT; };
		19A8DDC7115E122F0062EAB6 /* OpenAL.framework */ = {isa = PBXFileReference; lastKnownFileType = wrapper.framework; name = OpenAL.framework; path = System/Library/Frameworks/OpenAL.framework; sourceTree = SDKROOT; };
		19AB59821200A279008AC12C /* mouse_insider.hpp */ = {isa = PBXFileReference; fileEncoding = 4; lastKnownFileType = sourcecode.cpp.h; path = mouse_insider.hpp; sourceTree = "<group>"; };
		19AB59831200A279008AC12C /* mouse.hpp */ = {isa = PBXFileReference; fileEncoding = 4; lastKnownFileType = sourcecode.cpp.h; path = mouse.hpp; sourceTree = "<group>"; };
		19AB59841200A279008AC12C /* touch_insider.hpp */ = {isa = PBXFileReference; fileEncoding = 4; lastKnownFileType = sourcecode.cpp.h; path = touch_insider.hpp; sourceTree = "<group>"; };
		19AB59851200A279008AC12C /* touch.hpp */ = {isa = PBXFileReference; fileEncoding = 4; lastKnownFileType = sourcecode.cpp.h; path = touch.hpp; sourceTree = "<group>"; };
		19B3CCB8119EA0A60075357E /* texture_resource_1.png */ = {isa = PBXFileReference; lastKnownFileType = image.png; name = texture_resource_1.png; path = ../../resources/texture_resource_1.png; sourceTree = SOURCE_ROOT; };
		19B3CD03119EAA350075357E /* CoreGraphics.framework */ = {isa = PBXFileReference; lastKnownFileType = wrapper.framework; name = CoreGraphics.framework; path = System/Library/Frameworks/CoreGraphics.framework; sourceTree = SDKROOT; };
		19BA211A11676CA4007398AF /* AudioToolbox.framework */ = {isa = PBXFileReference; lastKnownFileType = wrapper.framework; name = AudioToolbox.framework; path = System/Library/Frameworks/AudioToolbox.framework; sourceTree = SDKROOT; };
		19BFEEB4111DD0FA00424782 /* Icon.png */ = {isa = PBXFileReference; lastKnownFileType = image.png; path = Icon.png; sourceTree = "<group>"; };
		19C3650711F0CBED008BCA86 /* conditions.hpp */ = {isa = PBXFileReference; fileEncoding = 4; lastKnownFileType = sourcecode.cpp.h; path = conditions.hpp; sourceTree = "<group>"; };
		19C3650811F0CBED008BCA86 /* math_consts.hpp */ = {isa = PBXFileReference; fileEncoding = 4; lastKnownFileType = sourcecode.cpp.h; path = math_consts.hpp; sourceTree = "<group>"; };
		19C3650911F0CBED008BCA86 /* math_int_float.hpp */ = {isa = PBXFileReference; fileEncoding = 4; lastKnownFileType = sourcecode.cpp.h; path = math_int_float.hpp; sourceTree = "<group>"; };
		19C3650A11F0CBED008BCA86 /* math_int_float_insider.hpp */ = {isa = PBXFileReference; fileEncoding = 4; lastKnownFileType = sourcecode.cpp.h; path = math_int_float_insider.hpp; sourceTree = "<group>"; };
		19C3650B11F0CBED008BCA86 /* matrix_float.hpp */ = {isa = PBXFileReference; fileEncoding = 4; lastKnownFileType = sourcecode.cpp.h; path = matrix_float.hpp; sourceTree = "<group>"; };
		19C3650C11F0CBED008BCA86 /* matrix_float_insider.hpp */ = {isa = PBXFileReference; fileEncoding = 4; lastKnownFileType = sourcecode.cpp.h; path = matrix_float_insider.hpp; sourceTree = "<group>"; };
		19C3650D11F0CBED008BCA86 /* platform.hpp */ = {isa = PBXFileReference; fileEncoding = 4; lastKnownFileType = sourcecode.cpp.h; path = platform.hpp; sourceTree = "<group>"; };
		19C3650E11F0CBED008BCA86 /* pointer.hpp */ = {isa = PBXFileReference; fileEncoding = 4; lastKnownFileType = sourcecode.cpp.h; path = pointer.hpp; sourceTree = "<group>"; };
		19C3650F11F0CBED008BCA86 /* scheduler_random.hpp */ = {isa = PBXFileReference; fileEncoding = 4; lastKnownFileType = sourcecode.cpp.h; path = scheduler_random.hpp; sourceTree = "<group>"; };
		19C3651011F0CBED008BCA86 /* static_array.hpp */ = {isa = PBXFileReference; fileEncoding = 4; lastKnownFileType = sourcecode.cpp.h; path = static_array.hpp; sourceTree = "<group>"; };
		19C3651111F0CBED008BCA86 /* static_array_insider.hpp */ = {isa = PBXFileReference; fileEncoding = 4; lastKnownFileType = sourcecode.cpp.h; path = static_array_insider.hpp; sourceTree = "<group>"; };
		19C3651211F0CBED008BCA86 /* static_assert.hpp */ = {isa = PBXFileReference; fileEncoding = 4; lastKnownFileType = sourcecode.cpp.h; path = static_assert.hpp; sourceTree = "<group>"; };
		19C3651411F0CBED008BCA86 /* vector_float.hpp */ = {isa = PBXFileReference; fileEncoding = 4; lastKnownFileType = sourcecode.cpp.h; path = vector_float.hpp; sourceTree = "<group>"; };
		19C3651511F0CBED008BCA86 /* vector_float_insider.hpp */ = {isa = PBXFileReference; fileEncoding = 4; lastKnownFileType = sourcecode.cpp.h; path = vector_float_insider.hpp; sourceTree = "<group>"; };
		19C3655811F0D4E5008BCA86 /* iphone_app_delegate.h */ = {isa = PBXFileReference; fileEncoding = 4; lastKnownFileType = sourcecode.c.h; path = iphone_app_delegate.h; sourceTree = "<group>"; };
		19C3655911F0D4E5008BCA86 /* iphone_app_delegate.mm */ = {isa = PBXFileReference; fileEncoding = 4; lastKnownFileType = sourcecode.cpp.objcpp; path = iphone_app_delegate.mm; sourceTree = "<group>"; };
		19C3655A11F0D4E5008BCA86 /* iphone_platform_render_insider.hpp */ = {isa = PBXFileReference; fileEncoding = 4; lastKnownFileType = sourcecode.cpp.h; path = iphone_platform_render_insider.hpp; sourceTree = "<group>"; };
		19C3655B11F0D4E5008BCA86 /* iphone_platform_render.hpp */ = {isa = PBXFileReference; fileEncoding = 4; lastKnownFileType = sourcecode.cpp.h; path = iphone_platform_render.hpp; sourceTree = "<group>"; };
		19C3655C11F0D4E5008BCA86 /* iphone_platform_sound_insider.hpp */ = {isa = PBXFileReference; fileEncoding = 4; lastKnownFileType = sourcecode.cpp.h; path = iphone_platform_sound_insider.hpp; sourceTree = "<group>"; };
		19C3655D11F0D4E5008BCA86 /* iphone_platform_sound.hpp */ = {isa = PBXFileReference; fileEncoding = 4; lastKnownFileType = sourcecode.cpp.h; path = iphone_platform_sound.hpp; sourceTree = "<group>"; };
		19C3655E11F0D4E5008BCA86 /* iphone_platform_time.hpp */ = {isa = PBXFileReference; fileEncoding = 4; lastKnownFileType = sourcecode.cpp.h; path = iphone_platform_time.hpp; sourceTree = "<group>"; };
		19C3656111F0D4E5008BCA86 /* iphone_platform.hpp */ = {isa = PBXFileReference; fileEncoding = 4; lastKnownFileType = sourcecode.cpp.h; path = iphone_platform.hpp; sourceTree = "<group>"; };
		19C3656211F0D4E5008BCA86 /* iphone_platform.mm */ = {isa = PBXFileReference; fileEncoding = 4; lastKnownFileType = sourcecode.cpp.objcpp; path = iphone_platform.mm; sourceTree = "<group>"; };
		19C3656311F0D4E5008BCA86 /* iphone_sound_loader.h */ = {isa = PBXFileReference; fileEncoding = 4; lastKnownFileType = sourcecode.c.h; path = iphone_sound_loader.h; sourceTree = "<group>"; };
		19C3656411F0D4E5008BCA86 /* iphone_sound_loader.m */ = {isa = PBXFileReference; fileEncoding = 4; lastKnownFileType = sourcecode.c.objc; path = iphone_sound_loader.m; sourceTree = "<group>"; };
		19C3656511F0D4E5008BCA86 /* iphone_texture_loader.h */ = {isa = PBXFileReference; fileEncoding = 4; lastKnownFileType = sourcecode.c.h; path = iphone_texture_loader.h; sourceTree = "<group>"; };
		19C3656611F0D4E5008BCA86 /* iphone_texture_loader.m */ = {isa = PBXFileReference; fileEncoding = 4; lastKnownFileType = sourcecode.c.objc; path = iphone_texture_loader.m; sourceTree = "<group>"; };
		19C3656711F0D4E5008BCA86 /* iphone_view.h */ = {isa = PBXFileReference; fileEncoding = 4; lastKnownFileType = sourcecode.c.h; path = iphone_view.h; sourceTree = "<group>"; };
		19C3656811F0D4E5008BCA86 /* iphone_view.mm */ = {isa = PBXFileReference; fileEncoding = 4; lastKnownFileType = sourcecode.cpp.objcpp; path = iphone_view.mm; sourceTree = "<group>"; };
		1D30AB110D05D00D00671497 /* Foundation.framework */ = {isa = PBXFileReference; lastKnownFileType = wrapper.framework; name = Foundation.framework; path = System/Library/Frameworks/Foundation.framework; sourceTree = SDKROOT; };
		1D6058910D05DD3D006BFB54 /* Smoothernity.app */ = {isa = PBXFileReference; explicitFileType = wrapper.application; includeInIndex = 0; path = Smoothernity.app; sourceTree = BUILT_PRODUCTS_DIR; };
		1DF5F4DF0D08C38300B7A737 /* UIKit.framework */ = {isa = PBXFileReference; lastKnownFileType = wrapper.framework; name = UIKit.framework; path = System/Library/Frameworks/UIKit.framework; sourceTree = SDKROOT; };
		28AD733E0D9D9553002E5188 /* MainWindow.xib */ = {isa = PBXFileReference; lastKnownFileType = file.xib; path = MainWindow.xib; sourceTree = "<group>"; };
		28FD14FF0DC6FC520079059D /* OpenGLES.framework */ = {isa = PBXFileReference; lastKnownFileType = wrapper.framework; name = OpenGLES.framework; path = System/Library/Frameworks/OpenGLES.framework; sourceTree = SDKROOT; };
		28FD15070DC6FC5B0079059D /* QuartzCore.framework */ = {isa = PBXFileReference; lastKnownFileType = wrapper.framework; name = QuartzCore.framework; path = System/Library/Frameworks/QuartzCore.framework; sourceTree = SDKROOT; };
		29B97316FDCFA39411CA2CEA /* main.m */ = {isa = PBXFileReference; fileEncoding = 4; lastKnownFileType = sourcecode.c.objc; path = main.m; sourceTree = "<group>"; };
		32CA4F630368D1EE00C91783 /* smoothernity_Prefix.pch */ = {isa = PBXFileReference; fileEncoding = 4; lastKnownFileType = sourcecode.c.h; path = smoothernity_Prefix.pch; sourceTree = "<group>"; };
		8D1107310486CEB800E47090 /* smoothernity-Info.plist */ = {isa = PBXFileReference; fileEncoding = 4; lastKnownFileType = text.plist.xml; path = "smoothernity-Info.plist"; plistStructureDefinitionIdentifier = "com.apple.xcode.plist.structure-definition.iphone.info-plist"; sourceTree = "<group>"; };
/* End PBXFileReference section */

/* Begin PBXFrameworksBuildPhase section */
		1D60588F0D05DD3D006BFB54 /* Frameworks */ = {
			isa = PBXFrameworksBuildPhase;
			buildActionMask = 2147483647;
			files = (
				1D60589F0D05DD5A006BFB54 /* Foundation.framework in Frameworks */,
				1DF5F4E00D08C38300B7A737 /* UIKit.framework in Frameworks */,
				28FD15000DC6FC520079059D /* OpenGLES.framework in Frameworks */,
				28FD15080DC6FC5B0079059D /* QuartzCore.framework in Frameworks */,
				19A8DDC8115E122F0062EAB6 /* OpenAL.framework in Frameworks */,
				19BA211B11676CA4007398AF /* AudioToolbox.framework in Frameworks */,
				19B3CD04119EAA350075357E /* CoreGraphics.framework in Frameworks */,
			);
			runOnlyForDeploymentPostprocessing = 0;
		};
/* End PBXFrameworksBuildPhase section */

/* Begin PBXGroup section */
		192967F611F0E68A00A989F4 /* common */ = {
			isa = PBXGroup;
			children = (
				192967F711F0E68A00A989F4 /* aggregator.hpp */,
				192967F811F0E68A00A989F4 /* engine_camera.hpp */,
				192967F911F0E68A00A989F4 /* engine_math.hpp */,
				192967FA11F0E68A00A989F4 /* engine_rasterizer.hpp */,
				192967FB11F0E68A00A989F4 /* engine_render.hpp */,
				192967FC11F0E68A00A989F4 /* engine_render_stateless.hpp */,
				192967FD11F0E68A00A989F4 /* facade.hpp */,
				192967FE11F0E68A00A989F4 /* logic.hpp */,
				192967FF11F0E68A00A989F4 /* logic_application.hpp */,
				1929680011F0E68A00A989F4 /* logic_camera.hpp */,
				1929680111F0E68A00A989F4 /* logic_entities.hpp */,
				1929680211F0E68A00A989F4 /* logic_fidget.hpp */,
				1929680311F0E68A00A989F4 /* logic_game.hpp */,
				1929680411F0E68A00A989F4 /* logic_image.hpp */,
				1929680511F0E68A00A989F4 /* logic_land.hpp */,
				1929680611F0E68A00A989F4 /* logic_sound.hpp */,
				1929680711F0E68A00A989F4 /* logic_text.hpp */,
				1929680811F0E68A00A989F4 /* logic_text_stateless.hpp */,
				1929680911F0E68A00A989F4 /* logic_title.hpp */,
				1929680A11F0E68A00A989F4 /* logic_touch.hpp */,
				1929680B11F0E68A00A989F4 /* mediator.hpp */,
			);
			name = common;
			path = ../common;
			sourceTree = "<group>";
		};
		19C28FACFE9D520D11CA2CBB /* Products */ = {
			isa = PBXGroup;
			children = (
				1D6058910D05DD3D006BFB54 /* Smoothernity.app */,
			);
			name = Products;
			sourceTree = "<group>";
		};
		19C3650611F0CBED008BCA86 /* platform */ = {
			isa = PBXGroup;
			children = (
				19C3650711F0CBED008BCA86 /* conditions.hpp */,
				19C3650811F0CBED008BCA86 /* math_consts.hpp */,
				19C3650911F0CBED008BCA86 /* math_int_float.hpp */,
				19C3650A11F0CBED008BCA86 /* math_int_float_insider.hpp */,
				19C3650B11F0CBED008BCA86 /* matrix_float.hpp */,
				19C3650C11F0CBED008BCA86 /* matrix_float_insider.hpp */,
				19AB59831200A279008AC12C /* mouse.hpp */,
				19AB59821200A279008AC12C /* mouse_insider.hpp */,
				19C3650D11F0CBED008BCA86 /* platform.hpp */,
				19C3650E11F0CBED008BCA86 /* pointer.hpp */,
				191E51D311F0EF2D001C4031 /* scheduler_direct_call.hpp */,
				19C3650F11F0CBED008BCA86 /* scheduler_random.hpp */,
				19C3651011F0CBED008BCA86 /* static_array.hpp */,
				19C3651111F0CBED008BCA86 /* static_array_insider.hpp */,
				19C3651211F0CBED008BCA86 /* static_assert.hpp */,
				19AB59851200A279008AC12C /* touch.hpp */,
				19AB59841200A279008AC12C /* touch_insider.hpp */,
				19C3651411F0CBED008BCA86 /* vector_float.hpp */,
				19C3651511F0CBED008BCA86 /* vector_float_insider.hpp */,
			);
			name = platform;
			path = ../platform;
			sourceTree = SOURCE_ROOT;
		};
		29B97314FDCFA39411CA2CEA /* CustomTemplate */ = {
			isa = PBXGroup;
			children = (
				192967F611F0E68A00A989F4 /* common */,
				19C3650611F0CBED008BCA86 /* platform */,
				19C3655811F0D4E5008BCA86 /* iphone_app_delegate.h */,
				19C3655911F0D4E5008BCA86 /* iphone_app_delegate.mm */,
				19C3655A11F0D4E5008BCA86 /* iphone_platform_render_insider.hpp */,
				19C3655B11F0D4E5008BCA86 /* iphone_platform_render.hpp */,
				19C3655C11F0D4E5008BCA86 /* iphone_platform_sound_insider.hpp */,
				19C3655D11F0D4E5008BCA86 /* iphone_platform_sound.hpp */,
				19C3655E11F0D4E5008BCA86 /* iphone_platform_time.hpp */,
				19C3656111F0D4E5008BCA86 /* iphone_platform.hpp */,
				19C3656211F0D4E5008BCA86 /* iphone_platform.mm */,
				19C3656311F0D4E5008BCA86 /* iphone_sound_loader.h */,
				19C3656411F0D4E5008BCA86 /* iphone_sound_loader.m */,
				19C3656511F0D4E5008BCA86 /* iphone_texture_loader.h */,
				19C3656611F0D4E5008BCA86 /* iphone_texture_loader.m */,
				19C3656711F0D4E5008BCA86 /* iphone_view.h */,
				19C3656811F0D4E5008BCA86 /* iphone_view.mm */,
				29B97316FDCFA39411CA2CEA /* main.m */,
				32CA4F630368D1EE00C91783 /* smoothernity_Prefix.pch */,
				29B97317FDCFA39411CA2CEA /* Resources */,
				29B97323FDCFA39411CA2CEA /* Frameworks */,
				19C28FACFE9D520D11CA2CBB /* Products */,
			);
			name = CustomTemplate;
			sourceTree = "<group>";
		};
		29B97317FDCFA39411CA2CEA /* Resources */ = {
			isa = PBXGroup;
			children = (
				19B3CCB8119EA0A60075357E /* texture_resource_1.png */,
				194E85C0117E393D000AAADA /* stereo_sound_resource_1.mp3 */,
				19BFEEB4111DD0FA00424782 /* Icon.png */,
				28AD733E0D9D9553002E5188 /* MainWindow.xib */,
				8D1107310486CEB800E47090 /* smoothernity-Info.plist */,
			);
			name = Resources;
			sourceTree = "<group>";
		};
		29B97323FDCFA39411CA2CEA /* Frameworks */ = {
			isa = PBXGroup;
			children = (
				19B3CD03119EAA350075357E /* CoreGraphics.framework */,
				28FD15070DC6FC5B0079059D /* QuartzCore.framework */,
				28FD14FF0DC6FC520079059D /* OpenGLES.framework */,
				1DF5F4DF0D08C38300B7A737 /* UIKit.framework */,
				1D30AB110D05D00D00671497 /* Foundation.framework */,
				19A8DDC7115E122F0062EAB6 /* OpenAL.framework */,
				19BA211A11676CA4007398AF /* AudioToolbox.framework */,
			);
			name = Frameworks;
			sourceTree = "<group>";
		};
/* End PBXGroup section */

/* Begin PBXNativeTarget section */
		1D6058900D05DD3D006BFB54 /* smoothernity */ = {
			isa = PBXNativeTarget;
			buildConfigurationList = 1D6058960D05DD3E006BFB54 /* Build configuration list for PBXNativeTarget "smoothernity" */;
			buildPhases = (
				1D60588D0D05DD3D006BFB54 /* Resources */,
				1D60588E0D05DD3D006BFB54 /* Sources */,
				1D60588F0D05DD3D006BFB54 /* Frameworks */,
			);
			buildRules = (
			);
			dependencies = (
			);
			name = smoothernity;
			productName = measurer;
			productReference = 1D6058910D05DD3D006BFB54 /* Smoothernity.app */;
			productType = "com.apple.product-type.application";
		};
/* End PBXNativeTarget section */

/* Begin PBXProject section */
		29B97313FDCFA39411CA2CEA /* Project object */ = {
			isa = PBXProject;
			buildConfigurationList = C01FCF4E08A954540054247B /* Build configuration list for PBXProject "smoothernity" */;
			compatibilityVersion = "Xcode 3.1";
			hasScannedForEncodings = 1;
			mainGroup = 29B97314FDCFA39411CA2CEA /* CustomTemplate */;
			projectDirPath = "";
			projectRoot = "";
			targets = (
				1D6058900D05DD3D006BFB54 /* smoothernity */,
			);
		};
/* End PBXProject section */

/* Begin PBXResourcesBuildPhase section */
		1D60588D0D05DD3D006BFB54 /* Resources */ = {
			isa = PBXResourcesBuildPhase;
			buildActionMask = 2147483647;
			files = (
				28AD733F0D9D9553002E5188 /* MainWindow.xib in Resources */,
				19BFEEB5111DD0FA00424782 /* Icon.png in Resources */,
				194E85C1117E393D000AAADA /* stereo_sound_resource_1.mp3 in Resources */,
				19B3CCB9119EA0A60075357E /* texture_resource_1.png in Resources */,
			);
			runOnlyForDeploymentPostprocessing = 0;
		};
/* End PBXResourcesBuildPhase section */

/* Begin PBXSourcesBuildPhase section */
		1D60588E0D05DD3D006BFB54 /* Sources */ = {
			isa = PBXSourcesBuildPhase;
			buildActionMask = 2147483647;
			files = (
				1D60589B0D05DD56006BFB54 /* main.m in Sources */,
				19C3656911F0D4E5008BCA86 /* iphone_app_delegate.mm in Sources */,
				19C3656A11F0D4E5008BCA86 /* iphone_platform.mm in Sources */,
				19C3656B11F0D4E5008BCA86 /* iphone_sound_loader.m in Sources */,
				19C3656C11F0D4E5008BCA86 /* iphone_texture_loader.m in Sources */,
				19C3656D11F0D4E5008BCA86 /* iphone_view.mm in Sources */,
			);
			runOnlyForDeploymentPostprocessing = 0;
		};
/* End PBXSourcesBuildPhase section */

/* Begin XCBuildConfiguration section */
		1D6058940D05DD3E006BFB54 /* Debug */ = {
			isa = XCBuildConfiguration;
			buildSettings = {
				ALWAYS_SEARCH_USER_PATHS = NO;
				COPY_PHASE_STRIP = NO;
				GCC_DYNAMIC_NO_PIC = NO;
				GCC_OPTIMIZATION_LEVEL = 0;
				GCC_PRECOMPILE_PREFIX_HEADER = YES;
				GCC_PREFIX_HEADER = smoothernity_Prefix.pch;
				"GCC_THUMB_SUPPORT[arch=armv6]" = "";
				INFOPLIST_FILE = "smoothernity-Info.plist";
				PRODUCT_NAME = Smoothernity;
			};
			name = Debug;
		};
		1D6058950D05DD3E006BFB54 /* Release */ = {
			isa = XCBuildConfiguration;
			buildSettings = {
				ALWAYS_SEARCH_USER_PATHS = NO;
				COPY_PHASE_STRIP = YES;
				GCC_PRECOMPILE_PREFIX_HEADER = YES;
				GCC_PREFIX_HEADER = smoothernity_Prefix.pch;
				"GCC_THUMB_SUPPORT[arch=armv6]" = "";
				INFOPLIST_FILE = "smoothernity-Info.plist";
				PRODUCT_NAME = Smoothernity;
			};
			name = Release;
		};
		C01FCF4F08A954540054247B /* Debug */ = {
			isa = XCBuildConfiguration;
			buildSettings = {
				ARCHS = "$(ARCHS_STANDARD_32_BIT)";
				"CODE_SIGN_IDENTITY[sdk=iphoneos*]" = "iPhone Developer";
				COPY_PHASE_STRIP = NO;
				DEAD_CODE_STRIPPING = YES;
				GCC_C_LANGUAGE_STANDARD = c99;
				GCC_DEBUGGING_SYMBOLS = full;
				GCC_ENABLE_SSE3_EXTENSIONS = NO;
				GCC_GENERATE_DEBUGGING_SYMBOLS = YES;
				GCC_PREPROCESSOR_DEFINITIONS = DEBUG;
				GCC_THUMB_SUPPORT = NO;
				GCC_WARN_ABOUT_RETURN_TYPE = YES;
				GCC_WARN_UNUSED_VARIABLE = YES;
				PREBINDING = NO;
				SDKROOT = iphoneos4.0;
				STRIP_INSTALLED_PRODUCT = NO;
			};
			name = Debug;
		};
		C01FCF5008A954540054247B /* Release */ = {
			isa = XCBuildConfiguration;
			buildSettings = {
				ARCHS = "$(ARCHS_STANDARD_32_BIT)";
				"CODE_SIGN_IDENTITY[sdk=iphoneos*]" = "iPhone Developer";
				COPY_PHASE_STRIP = NO;
				DEAD_CODE_STRIPPING = YES;
				GCC_C_LANGUAGE_STANDARD = c99;
				GCC_DEBUGGING_SYMBOLS = full;
				GCC_ENABLE_SSE3_EXTENSIONS = NO;
				GCC_GENERATE_DEBUGGING_SYMBOLS = YES;
				GCC_THUMB_SUPPORT = NO;
				GCC_WARN_ABOUT_RETURN_TYPE = YES;
				GCC_WARN_UNUSED_VARIABLE = YES;
				PREBINDING = NO;
				SDKROOT = iphoneos4.0;
				STRIP_INSTALLED_PRODUCT = NO;
			};
			name = Release;
		};
/* End XCBuildConfiguration section */

/* Begin XCConfigurationList section */
		1D6058960D05DD3E006BFB54 /* Build configuration list for PBXNativeTarget "smoothernity" */ = {
			isa = XCConfigurationList;
			buildConfigurations = (
				1D6058940D05DD3E006BFB54 /* Debug */,
				1D6058950D05DD3E006BFB54 /* Release */,
			);
			defaultConfigurationIsVisible = 0;
			defaultConfigurationName = Release;
		};
		C01FCF4E08A954540054247B /* Build configuration list for PBXProject "smoothernity" */ = {
			isa = XCConfigurationList;
			buildConfigurations = (
				C01FCF4F08A954540054247B /* Debug */,
				C01FCF5008A954540054247B /* Release */,
			);
			defaultConfigurationIsVisible = 0;
			defaultConfigurationName = Release;
		};
/* End XCConfigurationList section */
	};
	rootObject = 29B97313FDCFA39411CA2CEA /* Project object */;
}
