// !$*UTF8*$!
{
	archiveVersion = 1;
	classes = {
	};
	objectVersion = 45;
	objects = {

/* Begin PBXBuildFile section */
		1911131511689BDB00F5E355 /* iphone_sound_loader.m in Sources */ = {isa = PBXBuildFile; fileRef = 1911131411689BDB00F5E355 /* iphone_sound_loader.m */; };
		194E85C1117E393D000AAADA /* stereo_sound_resource_1.mp3 in Resources */ = {isa = PBXBuildFile; fileRef = 194E85C0117E393D000AAADA /* stereo_sound_resource_1.mp3 */; };
		19A8DDC8115E122F0062EAB6 /* OpenAL.framework in Frameworks */ = {isa = PBXBuildFile; fileRef = 19A8DDC7115E122F0062EAB6 /* OpenAL.framework */; };
		19A8DE65115E2B230062EAB6 /* iphone_platform.mm in Sources */ = {isa = PBXBuildFile; fileRef = 19A8DE64115E2B230062EAB6 /* iphone_platform.mm */; };
		19BA211B11676CA4007398AF /* AudioToolbox.framework in Frameworks */ = {isa = PBXBuildFile; fileRef = 19BA211A11676CA4007398AF /* AudioToolbox.framework */; };
		19BFEEB5111DD0FA00424782 /* Icon.png in Resources */ = {isa = PBXBuildFile; fileRef = 19BFEEB4111DD0FA00424782 /* Icon.png */; };
		1D3623260D0F684500981E51 /* iphone_app_delegate.mm in Sources */ = {isa = PBXBuildFile; fileRef = 1D3623250D0F684500981E51 /* iphone_app_delegate.mm */; };
		1D60589B0D05DD56006BFB54 /* main.m in Sources */ = {isa = PBXBuildFile; fileRef = 29B97316FDCFA39411CA2CEA /* main.m */; };
		1D60589F0D05DD5A006BFB54 /* Foundation.framework in Frameworks */ = {isa = PBXBuildFile; fileRef = 1D30AB110D05D00D00671497 /* Foundation.framework */; };
		1DF5F4E00D08C38300B7A737 /* UIKit.framework in Frameworks */ = {isa = PBXBuildFile; fileRef = 1DF5F4DF0D08C38300B7A737 /* UIKit.framework */; };
		28AD733F0D9D9553002E5188 /* MainWindow.xib in Resources */ = {isa = PBXBuildFile; fileRef = 28AD733E0D9D9553002E5188 /* MainWindow.xib */; };
		28FD14FE0DC6FC130079059D /* iphone_view.mm in Sources */ = {isa = PBXBuildFile; fileRef = 28FD14FD0DC6FC130079059D /* iphone_view.mm */; };
		28FD15000DC6FC520079059D /* OpenGLES.framework in Frameworks */ = {isa = PBXBuildFile; fileRef = 28FD14FF0DC6FC520079059D /* OpenGLES.framework */; };
		28FD15080DC6FC5B0079059D /* QuartzCore.framework in Frameworks */ = {isa = PBXBuildFile; fileRef = 28FD15070DC6FC5B0079059D /* QuartzCore.framework */; };
/* End PBXBuildFile section */

/* Begin PBXFileReference section */
		190FDE781168FC030053FE8F /* iphone_platform_touch.hpp */ = {isa = PBXFileReference; fileEncoding = 4; lastKnownFileType = sourcecode.cpp.h; path = iphone_platform_touch.hpp; sourceTree = "<group>"; };
		19111313116897E900F5E355 /* iphone_sound_loader.h */ = {isa = PBXFileReference; fileEncoding = 4; lastKnownFileType = sourcecode.c.h; path = iphone_sound_loader.h; sourceTree = "<group>"; };
		1911131411689BDB00F5E355 /* iphone_sound_loader.m */ = {isa = PBXFileReference; fileEncoding = 4; lastKnownFileType = sourcecode.c.objc; path = iphone_sound_loader.m; sourceTree = "<group>"; };
		194E85B5117E3921000AAADA /* engine_camera.hpp */ = {isa = PBXFileReference; fileEncoding = 4; lastKnownFileType = sourcecode.cpp.h; path = engine_camera.hpp; sourceTree = "<group>"; };
		194E85B6117E3921000AAADA /* engine_mesh.hpp */ = {isa = PBXFileReference; fileEncoding = 4; lastKnownFileType = sourcecode.cpp.h; path = engine_mesh.hpp; sourceTree = "<group>"; };
		194E85B7117E3921000AAADA /* facade.hpp */ = {isa = PBXFileReference; fileEncoding = 4; lastKnownFileType = sourcecode.cpp.h; path = facade.hpp; sourceTree = "<group>"; };
		194E85B8117E3921000AAADA /* logic.hpp */ = {isa = PBXFileReference; fileEncoding = 4; lastKnownFileType = sourcecode.cpp.h; path = logic.hpp; sourceTree = "<group>"; };
		194E85B9117E3921000AAADA /* logic_camera.hpp */ = {isa = PBXFileReference; fileEncoding = 4; lastKnownFileType = sourcecode.cpp.h; path = logic_camera.hpp; sourceTree = "<group>"; };
		194E85BA117E3921000AAADA /* logic_entities.hpp */ = {isa = PBXFileReference; fileEncoding = 4; lastKnownFileType = sourcecode.cpp.h; path = logic_entities.hpp; sourceTree = "<group>"; };
		194E85BB117E3921000AAADA /* logic_fidget.hpp */ = {isa = PBXFileReference; fileEncoding = 4; lastKnownFileType = sourcecode.cpp.h; path = logic_fidget.hpp; sourceTree = "<group>"; };
		194E85BC117E3921000AAADA /* logic_land.hpp */ = {isa = PBXFileReference; fileEncoding = 4; lastKnownFileType = sourcecode.cpp.h; path = logic_land.hpp; sourceTree = "<group>"; };
		194E85BD117E3921000AAADA /* logic_sound.hpp */ = {isa = PBXFileReference; fileEncoding = 4; lastKnownFileType = sourcecode.cpp.h; path = logic_sound.hpp; sourceTree = "<group>"; };
		194E85BE117E3921000AAADA /* logic_touch.hpp */ = {isa = PBXFileReference; fileEncoding = 4; lastKnownFileType = sourcecode.cpp.h; path = logic_touch.hpp; sourceTree = "<group>"; };
		194E85BF117E3921000AAADA /* mediator.hpp */ = {isa = PBXFileReference; fileEncoding = 4; lastKnownFileType = sourcecode.cpp.h; path = mediator.hpp; sourceTree = "<group>"; };
		194E85C0117E393D000AAADA /* stereo_sound_resource_1.mp3 */ = {isa = PBXFileReference; lastKnownFileType = audio.mp3; name = stereo_sound_resource_1.mp3; path = ../../resources/stereo_sound_resource_1.mp3; sourceTree = SOURCE_ROOT; };
		19A8DDC7115E122F0062EAB6 /* OpenAL.framework */ = {isa = PBXFileReference; lastKnownFileType = wrapper.framework; name = OpenAL.framework; path = System/Library/Frameworks/OpenAL.framework; sourceTree = SDKROOT; };
		19A8DE13115E24C40062EAB6 /* iphone_platform.hpp */ = {isa = PBXFileReference; fileEncoding = 4; lastKnownFileType = sourcecode.cpp.h; path = iphone_platform.hpp; sourceTree = "<group>"; };
		19A8DE64115E2B230062EAB6 /* iphone_platform.mm */ = {isa = PBXFileReference; fileEncoding = 4; lastKnownFileType = sourcecode.cpp.objcpp; path = iphone_platform.mm; sourceTree = "<group>"; };
		19A8DE87115E32580062EAB6 /* iphone_platform_render.hpp */ = {isa = PBXFileReference; fileEncoding = 4; lastKnownFileType = sourcecode.cpp.h; path = iphone_platform_render.hpp; sourceTree = "<group>"; };
		19A8DE8E115E32A00062EAB6 /* iphone_platform_vector.hpp */ = {isa = PBXFileReference; fileEncoding = 4; lastKnownFileType = sourcecode.cpp.h; path = iphone_platform_vector.hpp; sourceTree = "<group>"; };
		19A8DE99115E350A0062EAB6 /* iphone_platform_matrix.hpp */ = {isa = PBXFileReference; fileEncoding = 4; lastKnownFileType = sourcecode.cpp.h; path = iphone_platform_matrix.hpp; sourceTree = "<group>"; };
		19A8DEAB115E3BC00062EAB6 /* iphone_platform_math.hpp */ = {isa = PBXFileReference; fileEncoding = 4; lastKnownFileType = sourcecode.cpp.h; path = iphone_platform_math.hpp; sourceTree = "<group>"; };
		19A8DEB3115E3D040062EAB6 /* iphone_platform_time.hpp */ = {isa = PBXFileReference; fileEncoding = 4; lastKnownFileType = sourcecode.cpp.h; path = iphone_platform_time.hpp; sourceTree = "<group>"; };
		19A8DEB6115E44850062EAB6 /* iphone_platform_sound.hpp */ = {isa = PBXFileReference; fileEncoding = 4; lastKnownFileType = sourcecode.cpp.h; path = iphone_platform_sound.hpp; sourceTree = "<group>"; };
		19BA211A11676CA4007398AF /* AudioToolbox.framework */ = {isa = PBXFileReference; lastKnownFileType = wrapper.framework; name = AudioToolbox.framework; path = System/Library/Frameworks/AudioToolbox.framework; sourceTree = SDKROOT; };
		19BFEEB4111DD0FA00424782 /* Icon.png */ = {isa = PBXFileReference; lastKnownFileType = image.png; path = Icon.png; sourceTree = "<group>"; };
		1D30AB110D05D00D00671497 /* Foundation.framework */ = {isa = PBXFileReference; lastKnownFileType = wrapper.framework; name = Foundation.framework; path = System/Library/Frameworks/Foundation.framework; sourceTree = SDKROOT; };
		1D3623240D0F684500981E51 /* iphone_app_delegate.h */ = {isa = PBXFileReference; fileEncoding = 4; lastKnownFileType = sourcecode.c.h; path = iphone_app_delegate.h; sourceTree = "<group>"; };
		1D3623250D0F684500981E51 /* iphone_app_delegate.mm */ = {isa = PBXFileReference; fileEncoding = 4; lastKnownFileType = sourcecode.cpp.objcpp; path = iphone_app_delegate.mm; sourceTree = "<group>"; };
		1D6058910D05DD3D006BFB54 /* Smoothernity.app */ = {isa = PBXFileReference; explicitFileType = wrapper.application; includeInIndex = 0; path = Smoothernity.app; sourceTree = BUILT_PRODUCTS_DIR; };
		1DF5F4DF0D08C38300B7A737 /* UIKit.framework */ = {isa = PBXFileReference; lastKnownFileType = wrapper.framework; name = UIKit.framework; path = System/Library/Frameworks/UIKit.framework; sourceTree = SDKROOT; };
		28AD733E0D9D9553002E5188 /* MainWindow.xib */ = {isa = PBXFileReference; lastKnownFileType = file.xib; path = MainWindow.xib; sourceTree = "<group>"; };
		28FD14FC0DC6FC130079059D /* iphone_view.h */ = {isa = PBXFileReference; fileEncoding = 4; lastKnownFileType = sourcecode.c.h; path = iphone_view.h; sourceTree = "<group>"; };
		28FD14FD0DC6FC130079059D /* iphone_view.mm */ = {isa = PBXFileReference; fileEncoding = 4; lastKnownFileType = sourcecode.cpp.objcpp; path = iphone_view.mm; sourceTree = "<group>"; };
		28FD14FF0DC6FC520079059D /* OpenGLES.framework */ = {isa = PBXFileReference; lastKnownFileType = wrapper.framework; name = OpenGLES.framework; path = System/Library/Frameworks/OpenGLES.framework; sourceTree = SDKROOT; };
		28FD15070DC6FC5B0079059D /* QuartzCore.framework */ = {isa = PBXFileReference; lastKnownFileType = wrapper.framework; name = QuartzCore.framework; path = System/Library/Frameworks/QuartzCore.framework; sourceTree = SDKROOT; };
		29B97316FDCFA39411CA2CEA /* main.m */ = {isa = PBXFileReference; fileEncoding = 4; lastKnownFileType = sourcecode.c.objc; path = main.m; sourceTree = "<group>"; };
		32CA4F630368D1EE00C91783 /* smoothernity_Prefix.pch */ = {isa = PBXFileReference; fileEncoding = 4; lastKnownFileType = sourcecode.c.h; path = smoothernity_Prefix.pch; sourceTree = "<group>"; };
		8D1107310486CEB800E47090 /* smoothernity-Info.plist */ = {isa = PBXFileReference; fileEncoding = 4; lastKnownFileType = text.plist.xml; path = "smoothernity-Info.plist"; plistStructureDefinitionIdentifier = "com.apple.xcode.plist.structure-definition.iphone.info-plist"; sourceTree = "<group>"; };
/* End PBXFileReference section */

/* Begin PBXFrameworksBuildPhase section */
		1D60588F0D05DD3D006BFB54 /* Frameworks */ = {
			isa = PBXFrameworksBuildPhase;
			buildActionMask = 2147483647;
			files = (
				1D60589F0D05DD5A006BFB54 /* Foundation.framework in Frameworks */,
				1DF5F4E00D08C38300B7A737 /* UIKit.framework in Frameworks */,
				28FD15000DC6FC520079059D /* OpenGLES.framework in Frameworks */,
				28FD15080DC6FC5B0079059D /* QuartzCore.framework in Frameworks */,
				19A8DDC8115E122F0062EAB6 /* OpenAL.framework in Frameworks */,
				19BA211B11676CA4007398AF /* AudioToolbox.framework in Frameworks */,
			);
			runOnlyForDeploymentPostprocessing = 0;
		};
/* End PBXFrameworksBuildPhase section */

/* Begin PBXGroup section */
		080E96DDFE201D6D7F000001 /* Classes */ = {
			isa = PBXGroup;
			children = (
				194E85B4117E3921000AAADA /* common */,
				1D3623240D0F684500981E51 /* iphone_app_delegate.h */,
				1D3623250D0F684500981E51 /* iphone_app_delegate.mm */,
				19A8DE13115E24C40062EAB6 /* iphone_platform.hpp */,
				19A8DE64115E2B230062EAB6 /* iphone_platform.mm */,
				19A8DEAB115E3BC00062EAB6 /* iphone_platform_math.hpp */,
				19A8DE99115E350A0062EAB6 /* iphone_platform_matrix.hpp */,
				19A8DE87115E32580062EAB6 /* iphone_platform_render.hpp */,
				19A8DEB6115E44850062EAB6 /* iphone_platform_sound.hpp */,
				19A8DEB3115E3D040062EAB6 /* iphone_platform_time.hpp */,
				190FDE781168FC030053FE8F /* iphone_platform_touch.hpp */,
				19A8DE8E115E32A00062EAB6 /* iphone_platform_vector.hpp */,
				19111313116897E900F5E355 /* iphone_sound_loader.h */,
				1911131411689BDB00F5E355 /* iphone_sound_loader.m */,
				28FD14FC0DC6FC130079059D /* iphone_view.h */,
				28FD14FD0DC6FC130079059D /* iphone_view.mm */,
			);
			path = Classes;
			sourceTree = "<group>";
		};
		194E85B4117E3921000AAADA /* common */ = {
			isa = PBXGroup;
			children = (
				194E85B5117E3921000AAADA /* engine_camera.hpp */,
				194E85B6117E3921000AAADA /* engine_mesh.hpp */,
				194E85B7117E3921000AAADA /* facade.hpp */,
				194E85B8117E3921000AAADA /* logic.hpp */,
				194E85B9117E3921000AAADA /* logic_camera.hpp */,
				194E85BA117E3921000AAADA /* logic_entities.hpp */,
				194E85BB117E3921000AAADA /* logic_fidget.hpp */,
				194E85BC117E3921000AAADA /* logic_land.hpp */,
				194E85BD117E3921000AAADA /* logic_sound.hpp */,
				194E85BE117E3921000AAADA /* logic_touch.hpp */,
				194E85BF117E3921000AAADA /* mediator.hpp */,
			);
			name = common;
			path = ../common;
			sourceTree = SOURCE_ROOT;
		};
		19C28FACFE9D520D11CA2CBB /* Products */ = {
			isa = PBXGroup;
			children = (
				1D6058910D05DD3D006BFB54 /* Smoothernity.app */,
			);
			name = Products;
			sourceTree = "<group>";
		};
		29B97314FDCFA39411CA2CEA /* CustomTemplate */ = {
			isa = PBXGroup;
			children = (
				080E96DDFE201D6D7F000001 /* Classes */,
				29B97315FDCFA39411CA2CEA /* Other Sources */,
				29B97317FDCFA39411CA2CEA /* Resources */,
				29B97323FDCFA39411CA2CEA /* Frameworks */,
				19C28FACFE9D520D11CA2CBB /* Products */,
			);
			name = CustomTemplate;
			sourceTree = "<group>";
		};
		29B97315FDCFA39411CA2CEA /* Other Sources */ = {
			isa = PBXGroup;
			children = (
				32CA4F630368D1EE00C91783 /* smoothernity_Prefix.pch */,
				29B97316FDCFA39411CA2CEA /* main.m */,
			);
			name = "Other Sources";
			sourceTree = "<group>";
		};
		29B97317FDCFA39411CA2CEA /* Resources */ = {
			isa = PBXGroup;
			children = (
				194E85C0117E393D000AAADA /* stereo_sound_resource_1.mp3 */,
				19BFEEB4111DD0FA00424782 /* Icon.png */,
				28AD733E0D9D9553002E5188 /* MainWindow.xib */,
				8D1107310486CEB800E47090 /* smoothernity-Info.plist */,
			);
			name = Resources;
			sourceTree = "<group>";
		};
		29B97323FDCFA39411CA2CEA /* Frameworks */ = {
			isa = PBXGroup;
			children = (
				28FD15070DC6FC5B0079059D /* QuartzCore.framework */,
				28FD14FF0DC6FC520079059D /* OpenGLES.framework */,
				1DF5F4DF0D08C38300B7A737 /* UIKit.framework */,
				1D30AB110D05D00D00671497 /* Foundation.framework */,
				19A8DDC7115E122F0062EAB6 /* OpenAL.framework */,
				19BA211A11676CA4007398AF /* AudioToolbox.framework */,
			);
			name = Frameworks;
			sourceTree = "<group>";
		};
/* End PBXGroup section */

/* Begin PBXNativeTarget section */
		1D6058900D05DD3D006BFB54 /* smoothernity */ = {
			isa = PBXNativeTarget;
			buildConfigurationList = 1D6058960D05DD3E006BFB54 /* Build configuration list for PBXNativeTarget "smoothernity" */;
			buildPhases = (
				1D60588D0D05DD3D006BFB54 /* Resources */,
				1D60588E0D05DD3D006BFB54 /* Sources */,
				1D60588F0D05DD3D006BFB54 /* Frameworks */,
			);
			buildRules = (
			);
			dependencies = (
			);
			name = smoothernity;
			productName = measurer;
			productReference = 1D6058910D05DD3D006BFB54 /* Smoothernity.app */;
			productType = "com.apple.product-type.application";
		};
/* End PBXNativeTarget section */

/* Begin PBXProject section */
		29B97313FDCFA39411CA2CEA /* Project object */ = {
			isa = PBXProject;
			buildConfigurationList = C01FCF4E08A954540054247B /* Build configuration list for PBXProject "smoothernity" */;
			compatibilityVersion = "Xcode 3.1";
			hasScannedForEncodings = 1;
			mainGroup = 29B97314FDCFA39411CA2CEA /* CustomTemplate */;
			projectDirPath = "";
			projectRoot = "";
			targets = (
				1D6058900D05DD3D006BFB54 /* smoothernity */,
			);
		};
/* End PBXProject section */

/* Begin PBXResourcesBuildPhase section */
		1D60588D0D05DD3D006BFB54 /* Resources */ = {
			isa = PBXResourcesBuildPhase;
			buildActionMask = 2147483647;
			files = (
				28AD733F0D9D9553002E5188 /* MainWindow.xib in Resources */,
				19BFEEB5111DD0FA00424782 /* Icon.png in Resources */,
				194E85C1117E393D000AAADA /* stereo_sound_resource_1.mp3 in Resources */,
			);
			runOnlyForDeploymentPostprocessing = 0;
		};
/* End PBXResourcesBuildPhase section */

/* Begin PBXSourcesBuildPhase section */
		1D60588E0D05DD3D006BFB54 /* Sources */ = {
			isa = PBXSourcesBuildPhase;
			buildActionMask = 2147483647;
			files = (
				1D60589B0D05DD56006BFB54 /* main.m in Sources */,
				1D3623260D0F684500981E51 /* iphone_app_delegate.mm in Sources */,
				28FD14FE0DC6FC130079059D /* iphone_view.mm in Sources */,
				19A8DE65115E2B230062EAB6 /* iphone_platform.mm in Sources */,
				1911131511689BDB00F5E355 /* iphone_sound_loader.m in Sources */,
			);
			runOnlyForDeploymentPostprocessing = 0;
		};
/* End PBXSourcesBuildPhase section */

/* Begin XCBuildConfiguration section */
		1D6058940D05DD3E006BFB54 /* Debug */ = {
			isa = XCBuildConfiguration;
			buildSettings = {
				ALWAYS_SEARCH_USER_PATHS = NO;
				COPY_PHASE_STRIP = NO;
				GCC_DYNAMIC_NO_PIC = NO;
				GCC_OPTIMIZATION_LEVEL = 0;
				GCC_PRECOMPILE_PREFIX_HEADER = YES;
				GCC_PREFIX_HEADER = smoothernity_Prefix.pch;
				"GCC_THUMB_SUPPORT[arch=armv6]" = "";
				INFOPLIST_FILE = "smoothernity-Info.plist";
				PRODUCT_NAME = Smoothernity;
			};
			name = Debug;
		};
		1D6058950D05DD3E006BFB54 /* Release */ = {
			isa = XCBuildConfiguration;
			buildSettings = {
				ALWAYS_SEARCH_USER_PATHS = NO;
				COPY_PHASE_STRIP = YES;
				GCC_PRECOMPILE_PREFIX_HEADER = YES;
				GCC_PREFIX_HEADER = smoothernity_Prefix.pch;
				"GCC_THUMB_SUPPORT[arch=armv6]" = "";
				INFOPLIST_FILE = "smoothernity-Info.plist";
				PRODUCT_NAME = Smoothernity;
			};
			name = Release;
		};
		C01FCF4F08A954540054247B /* Debug */ = {
			isa = XCBuildConfiguration;
			buildSettings = {
				ARCHS = "$(ARCHS_STANDARD_32_BIT)";
				"CODE_SIGN_IDENTITY[sdk=iphoneos*]" = "iPhone Developer";
				GCC_C_LANGUAGE_STANDARD = c99;
				GCC_DEBUGGING_SYMBOLS = full;
				GCC_ENABLE_SSE3_EXTENSIONS = NO;
				GCC_GENERATE_DEBUGGING_SYMBOLS = YES;
				GCC_PREPROCESSOR_DEFINITIONS = DEBUG;
				GCC_THUMB_SUPPORT = NO;
				GCC_WARN_ABOUT_RETURN_TYPE = YES;
				GCC_WARN_UNUSED_VARIABLE = YES;
				PREBINDING = NO;
				SDKROOT = iphoneos3.1.2;
			};
			name = Debug;
		};
		C01FCF5008A954540054247B /* Release */ = {
			isa = XCBuildConfiguration;
			buildSettings = {
				ARCHS = "$(ARCHS_STANDARD_32_BIT)";
				"CODE_SIGN_IDENTITY[sdk=iphoneos*]" = "iPhone Developer";
				GCC_C_LANGUAGE_STANDARD = c99;
				GCC_DEBUGGING_SYMBOLS = full;
				GCC_ENABLE_SSE3_EXTENSIONS = NO;
				GCC_GENERATE_DEBUGGING_SYMBOLS = YES;
				GCC_THUMB_SUPPORT = NO;
				GCC_WARN_ABOUT_RETURN_TYPE = YES;
				GCC_WARN_UNUSED_VARIABLE = YES;
				PREBINDING = NO;
				SDKROOT = iphoneos3.1.2;
			};
			name = Release;
		};
/* End XCBuildConfiguration section */

/* Begin XCConfigurationList section */
		1D6058960D05DD3E006BFB54 /* Build configuration list for PBXNativeTarget "smoothernity" */ = {
			isa = XCConfigurationList;
			buildConfigurations = (
				1D6058940D05DD3E006BFB54 /* Debug */,
				1D6058950D05DD3E006BFB54 /* Release */,
			);
			defaultConfigurationIsVisible = 0;
			defaultConfigurationName = Release;
		};
		C01FCF4E08A954540054247B /* Build configuration list for PBXProject "smoothernity" */ = {
			isa = XCConfigurationList;
			buildConfigurations = (
				C01FCF4F08A954540054247B /* Debug */,
				C01FCF5008A954540054247B /* Release */,
			);
			defaultConfigurationIsVisible = 0;
			defaultConfigurationName = Release;
		};
/* End XCConfigurationList section */
	};
	rootObject = 29B97313FDCFA39411CA2CEA /* Project object */;
}
