// !$*UTF8*$!
{
	archiveVersion = 1;
	classes = {
	};
	objectVersion = 42;
	objects = {

/* Begin PBXApplicationTarget section */
		29B97326FDCFA39411CA2CEA /* NSOpenGLFullScreen */ = {
			isa = PBXApplicationTarget;
			buildConfigurationList = 88CE0EE6117C860F00A1BF42 /* Build configuration list for PBXApplicationTarget "NSOpenGLFullScreen" */;
			buildPhases = (
				29B97327FDCFA39411CA2CEA /* Headers */,
				29B97328FDCFA39411CA2CEA /* Resources */,
				29B9732BFDCFA39411CA2CEA /* Sources */,
				29B9732DFDCFA39411CA2CEA /* Frameworks */,
			);
			dependencies = (
			);
			name = NSOpenGLFullScreen;
			productInstallPath = "$(HOME)/Applications";
			productName = NSOpenGLFullScreen;
			productReference = 17587328FF379C6511CA2CBB /* NSOpenGLFullScreen.app */;
			productSettingsXML = "<?xml version=\"1.0\" encoding=\"UTF-8\"?>
<!DOCTYPE plist PUBLIC \"-//Apple//DTD PLIST 1.0//EN\" \"http://www.apple.com/DTDs/PropertyList-1.0.dtd\">
<plist version=\"1.0\">
<dict>
	<key>CFBundleDevelopmentRegion</key>
	<string>English</string>
	<key>CFBundleExecutable</key>
	<string>NSOpenGLFullScreen</string>
	<key>CFBundleIconFile</key>
	<string>AppIcon</string>
	<key>CFBundleInfoDictionaryVersion</key>
	<string>6.0</string>
	<key>CFBundlePackageType</key>
	<string>APPL</string>
	<key>CFBundleSignature</key>
	<string>????</string>
	<key>CFBundleVersion</key>
	<string>1.0</string>
	<key>NSMainNibFile</key>
	<string>MainMenu</string>
	<key>NSPrincipalClass</key>
	<string>NSApplication</string>
</dict>
</plist>
";
		};
/* End PBXApplicationTarget section */

/* Begin PBXBuildFile section */
		05689227046B13F600000102 /* MyOpenGLView.h in Headers */ = {isa = PBXBuildFile; fileRef = 05689225046B13F600000102 /* MyOpenGLView.h */; };
		05689228046B13F600000102 /* MyOpenGLView.m in Sources */ = {isa = PBXBuildFile; fileRef = 05689226046B13F600000102 /* MyOpenGLView.m */; };
		0568922A046B142600000102 /* OpenGL.framework in Frameworks */ = {isa = PBXBuildFile; fileRef = 05689229046B142600000102 /* OpenGL.framework */; };
		05689231046B14B900000102 /* MainController.h in Headers */ = {isa = PBXBuildFile; fileRef = 0568922F046B14B900000102 /* MainController.h */; };
		05689232046B14B900000102 /* MainController.m in Sources */ = {isa = PBXBuildFile; fileRef = 05689230046B14B900000102 /* MainController.m */; };
		05689235046B2C0900000102 /* Scene.h in Headers */ = {isa = PBXBuildFile; fileRef = 05689233046B2C0900000102 /* Scene.h */; };
		05689236046B2C0900000102 /* Scene.m in Sources */ = {isa = PBXBuildFile; fileRef = 05689234046B2C0900000102 /* Scene.m */; };
		080E96DCFE201CFB7F000001 /* MainMenu.nib in Resources */ = {isa = PBXBuildFile; fileRef = 29B97318FDCFA39411CA2CEA /* MainMenu.nib */; };
		089C165EFE840E0CC02AAC07 /* InfoPlist.strings in Resources */ = {isa = PBXBuildFile; fileRef = 089C165CFE840E0CC02AAC07 /* InfoPlist.strings */; };
		1058C7A3FEA54F0111CA2CBB /* Cocoa.framework in Frameworks */ = {isa = PBXBuildFile; fileRef = 1058C7A1FEA54F0111CA2CBB /* Cocoa.framework */; };
		29B9732CFDCFA39411CA2CEA /* main.m in Sources */ = {isa = PBXBuildFile; fileRef = 29B97316FDCFA39411CA2CEA /* main.m */; settings = {ATTRIBUTES = (); }; };
		32CA4F650368D2AA00C91783 /* NSOpenGLFullScreen_Prefix.h in Headers */ = {isa = PBXBuildFile; fileRef = 32CA4F630368D1EE00C91783 /* NSOpenGLFullScreen_Prefix.h */; };
		4CB60DB10471566600090FEF /* Texturing.h in Headers */ = {isa = PBXBuildFile; fileRef = 4CB60DB00471566500090FEF /* Texturing.h */; };
		4CB60DB30471567400090FEF /* Texturing.m in Sources */ = {isa = PBXBuildFile; fileRef = 4CB60DB20471567400090FEF /* Texturing.m */; };
		4CB60DB604715A3800090FEF /* Earth.jpg in Resources */ = {isa = PBXBuildFile; fileRef = 4CB60DB504715A3800090FEF /* Earth.jpg */; };
		4CC8EAF604A26E0D00CA0E34 /* AppIcon.icns in Resources */ = {isa = PBXBuildFile; fileRef = 4CC8EAF504A26E0D00CA0E34 /* AppIcon.icns */; };
/* End PBXBuildFile section */

/* Begin PBXFileReference section */
		05689225046B13F600000102 /* MyOpenGLView.h */ = {isa = PBXFileReference; fileEncoding = 30; lastKnownFileType = sourcecode.c.h; path = MyOpenGLView.h; sourceTree = "<group>"; };
		05689226046B13F600000102 /* MyOpenGLView.m */ = {isa = PBXFileReference; fileEncoding = 30; lastKnownFileType = sourcecode.c.objc; path = MyOpenGLView.m; sourceTree = "<group>"; };
		05689229046B142600000102 /* OpenGL.framework */ = {isa = PBXFileReference; lastKnownFileType = wrapper.framework; name = OpenGL.framework; path = /System/Library/Frameworks/OpenGL.framework; sourceTree = "<absolute>"; };
		0568922F046B14B900000102 /* MainController.h */ = {isa = PBXFileReference; fileEncoding = 4; lastKnownFileType = sourcecode.c.h; path = MainController.h; sourceTree = "<group>"; };
		05689230046B14B900000102 /* MainController.m */ = {isa = PBXFileReference; fileEncoding = 4; lastKnownFileType = sourcecode.c.objc; path = MainController.m; sourceTree = "<group>"; };
		05689233046B2C0900000102 /* Scene.h */ = {isa = PBXFileReference; fileEncoding = 4; lastKnownFileType = sourcecode.c.h; path = Scene.h; sourceTree = "<group>"; };
		05689234046B2C0900000102 /* Scene.m */ = {isa = PBXFileReference; fileEncoding = 4; lastKnownFileType = sourcecode.c.objc; path = Scene.m; sourceTree = "<group>"; };
		089C165DFE840E0CC02AAC07 /* English */ = {isa = PBXFileReference; fileEncoding = 10; lastKnownFileType = text.plist.strings; name = English; path = English.lproj/InfoPlist.strings; sourceTree = "<group>"; };
		1058C7A1FEA54F0111CA2CBB /* Cocoa.framework */ = {isa = PBXFileReference; lastKnownFileType = wrapper.framework; name = Cocoa.framework; path = /System/Library/Frameworks/Cocoa.framework; sourceTree = "<absolute>"; };
		17587328FF379C6511CA2CBB /* NSOpenGLFullScreen.app */ = {isa = PBXFileReference; explicitFileType = wrapper.application; path = NSOpenGLFullScreen.app; sourceTree = BUILT_PRODUCTS_DIR; };
		29B97316FDCFA39411CA2CEA /* main.m */ = {isa = PBXFileReference; fileEncoding = 30; lastKnownFileType = sourcecode.c.objc; path = main.m; sourceTree = "<group>"; };
		29B97319FDCFA39411CA2CEA /* English */ = {isa = PBXFileReference; lastKnownFileType = wrapper.nib; name = English; path = English.lproj/MainMenu.nib; sourceTree = "<group>"; };
		29B97324FDCFA39411CA2CEA /* AppKit.framework */ = {isa = PBXFileReference; lastKnownFileType = wrapper.framework; name = AppKit.framework; path = /System/Library/Frameworks/AppKit.framework; sourceTree = "<absolute>"; };
		29B97325FDCFA39411CA2CEA /* Foundation.framework */ = {isa = PBXFileReference; lastKnownFileType = wrapper.framework; name = Foundation.framework; path = /System/Library/Frameworks/Foundation.framework; sourceTree = "<absolute>"; };
		32CA4F630368D1EE00C91783 /* NSOpenGLFullScreen_Prefix.h */ = {isa = PBXFileReference; fileEncoding = 4; lastKnownFileType = sourcecode.c.h; path = NSOpenGLFullScreen_Prefix.h; sourceTree = "<group>"; };
		4CB60DB00471566500090FEF /* Texturing.h */ = {isa = PBXFileReference; fileEncoding = 4; lastKnownFileType = sourcecode.c.h; path = Texturing.h; sourceTree = "<group>"; };
		4CB60DB20471567400090FEF /* Texturing.m */ = {isa = PBXFileReference; fileEncoding = 4; lastKnownFileType = sourcecode.c.objc; path = Texturing.m; sourceTree = "<group>"; };
		4CB60DB504715A3800090FEF /* Earth.jpg */ = {isa = PBXFileReference; lastKnownFileType = image.jpeg; path = Earth.jpg; sourceTree = "<group>"; };
		4CC8EAF504A26E0D00CA0E34 /* AppIcon.icns */ = {isa = PBXFileReference; lastKnownFileType = image.icns; path = AppIcon.icns; sourceTree = "<group>"; };
/* End PBXFileReference section */

/* Begin PBXFrameworksBuildPhase section */
		29B9732DFDCFA39411CA2CEA /* Frameworks */ = {
			isa = PBXFrameworksBuildPhase;
			buildActionMask = 2147483647;
			files = (
				1058C7A3FEA54F0111CA2CBB /* Cocoa.framework in Frameworks */,
				0568922A046B142600000102 /* OpenGL.framework in Frameworks */,
			);
			runOnlyForDeploymentPostprocessing = 0;
		};
/* End PBXFrameworksBuildPhase section */

/* Begin PBXGroup section */
		080E96DDFE201D6D7F000001 /* Classes */ = {
			isa = PBXGroup;
			children = (
				0568922F046B14B900000102 /* MainController.h */,
				05689230046B14B900000102 /* MainController.m */,
				05689225046B13F600000102 /* MyOpenGLView.h */,
				05689226046B13F600000102 /* MyOpenGLView.m */,
				05689233046B2C0900000102 /* Scene.h */,
				05689234046B2C0900000102 /* Scene.m */,
			);
			name = Classes;
			sourceTree = "<group>";
		};
		1058C7A0FEA54F0111CA2CBB /* Linked Frameworks */ = {
			isa = PBXGroup;
			children = (
				05689229046B142600000102 /* OpenGL.framework */,
				1058C7A1FEA54F0111CA2CBB /* Cocoa.framework */,
			);
			name = "Linked Frameworks";
			sourceTree = "<group>";
		};
		1058C7A2FEA54F0111CA2CBB /* Other Frameworks */ = {
			isa = PBXGroup;
			children = (
				29B97325FDCFA39411CA2CEA /* Foundation.framework */,
				29B97324FDCFA39411CA2CEA /* AppKit.framework */,
			);
			name = "Other Frameworks";
			sourceTree = "<group>";
		};
		19C28FACFE9D520D11CA2CBB /* Products */ = {
			isa = PBXGroup;
			children = (
				17587328FF379C6511CA2CBB /* NSOpenGLFullScreen.app */,
			);
			name = Products;
			sourceTree = "<group>";
		};
		29B97314FDCFA39411CA2CEA /* NSOpenGLFullScreen */ = {
			isa = PBXGroup;
			children = (
				080E96DDFE201D6D7F000001 /* Classes */,
				4CB60DB40471567900090FEF /* Categories */,
				29B97315FDCFA39411CA2CEA /* Other Sources */,
				29B97317FDCFA39411CA2CEA /* Resources */,
				29B97323FDCFA39411CA2CEA /* Frameworks */,
				19C28FACFE9D520D11CA2CBB /* Products */,
			);
			name = NSOpenGLFullScreen;
			sourceTree = "<group>";
		};
		29B97315FDCFA39411CA2CEA /* Other Sources */ = {
			isa = PBXGroup;
			children = (
				32CA4F630368D1EE00C91783 /* NSOpenGLFullScreen_Prefix.h */,
				29B97316FDCFA39411CA2CEA /* main.m */,
			);
			name = "Other Sources";
			sourceTree = "<group>";
		};
		29B97317FDCFA39411CA2CEA /* Resources */ = {
			isa = PBXGroup;
			children = (
				4CC8EAF504A26E0D00CA0E34 /* AppIcon.icns */,
				4CB60DB504715A3800090FEF /* Earth.jpg */,
				29B97318FDCFA39411CA2CEA /* MainMenu.nib */,
				089C165CFE840E0CC02AAC07 /* InfoPlist.strings */,
			);
			name = Resources;
			sourceTree = "<group>";
		};
		29B97323FDCFA39411CA2CEA /* Frameworks */ = {
			isa = PBXGroup;
			children = (
				1058C7A0FEA54F0111CA2CBB /* Linked Frameworks */,
				1058C7A2FEA54F0111CA2CBB /* Other Frameworks */,
			);
			name = Frameworks;
			sourceTree = "<group>";
		};
		4CB60DB40471567900090FEF /* Categories */ = {
			isa = PBXGroup;
			children = (
				4CB60DB00471566500090FEF /* Texturing.h */,
				4CB60DB20471567400090FEF /* Texturing.m */,
			);
			name = Categories;
			sourceTree = "<group>";
		};
/* End PBXGroup section */

/* Begin PBXHeadersBuildPhase section */
		29B97327FDCFA39411CA2CEA /* Headers */ = {
			isa = PBXHeadersBuildPhase;
			buildActionMask = 2147483647;
			files = (
				32CA4F650368D2AA00C91783 /* NSOpenGLFullScreen_Prefix.h in Headers */,
				05689227046B13F600000102 /* MyOpenGLView.h in Headers */,
				05689231046B14B900000102 /* MainController.h in Headers */,
				05689235046B2C0900000102 /* Scene.h in Headers */,
				4CB60DB10471566600090FEF /* Texturing.h in Headers */,
			);
			runOnlyForDeploymentPostprocessing = 0;
		};
/* End PBXHeadersBuildPhase section */

/* Begin PBXProject section */
		29B97313FDCFA39411CA2CEA /* Project object */ = {
			isa = PBXProject;
			buildConfigurationList = 88CE0EE5117C860F00A1BF42 /* Build configuration list for PBXProject "NSOpenGLFullScreen" */;
			compatibilityVersion = "Xcode 2.4";
			hasScannedForEncodings = 1;
			mainGroup = 29B97314FDCFA39411CA2CEA /* NSOpenGLFullScreen */;
			projectDirPath = "";
			projectRoot = "";
			targets = (
				29B97326FDCFA39411CA2CEA /* NSOpenGLFullScreen */,
			);
		};
/* End PBXProject section */

/* Begin PBXResourcesBuildPhase section */
		29B97328FDCFA39411CA2CEA /* Resources */ = {
			isa = PBXResourcesBuildPhase;
			buildActionMask = 2147483647;
			files = (
				080E96DCFE201CFB7F000001 /* MainMenu.nib in Resources */,
				089C165EFE840E0CC02AAC07 /* InfoPlist.strings in Resources */,
				4CB60DB604715A3800090FEF /* Earth.jpg in Resources */,
				4CC8EAF604A26E0D00CA0E34 /* AppIcon.icns in Resources */,
			);
			runOnlyForDeploymentPostprocessing = 0;
		};
/* End PBXResourcesBuildPhase section */

/* Begin PBXSourcesBuildPhase section */
		29B9732BFDCFA39411CA2CEA /* Sources */ = {
			isa = PBXSourcesBuildPhase;
			buildActionMask = 2147483647;
			files = (
				29B9732CFDCFA39411CA2CEA /* main.m in Sources */,
				05689228046B13F600000102 /* MyOpenGLView.m in Sources */,
				05689232046B14B900000102 /* MainController.m in Sources */,
				05689236046B2C0900000102 /* Scene.m in Sources */,
				4CB60DB30471567400090FEF /* Texturing.m in Sources */,
			);
			runOnlyForDeploymentPostprocessing = 0;
		};
/* End PBXSourcesBuildPhase section */

/* Begin PBXVariantGroup section */
		089C165CFE840E0CC02AAC07 /* InfoPlist.strings */ = {
			isa = PBXVariantGroup;
			children = (
				089C165DFE840E0CC02AAC07 /* English */,
			);
			name = InfoPlist.strings;
			sourceTree = "<group>";
		};
		29B97318FDCFA39411CA2CEA /* MainMenu.nib */ = {
			isa = PBXVariantGroup;
			children = (
				29B97319FDCFA39411CA2CEA /* English */,
			);
			name = MainMenu.nib;
			sourceTree = "<group>";
		};
/* End PBXVariantGroup section */

/* Begin XCBuildConfiguration section */
		88CE0EDF117C860E00A1BF42 /* Development */ = {
			isa = XCBuildConfiguration;
			buildSettings = {
			};
			name = Development;
		};
		88CE0EE0117C860E00A1BF42 /* Deployment */ = {
			isa = XCBuildConfiguration;
			buildSettings = {
			};
			name = Deployment;
		};
		88CE0EE1117C860E00A1BF42 /* Default */ = {
			isa = XCBuildConfiguration;
			buildSettings = {
			};
			name = Default;
		};
		88CE0EE2117C860E00A1BF42 /* Development */ = {
			isa = XCBuildConfiguration;
			buildSettings = {
				COPY_PHASE_STRIP = NO;
				FRAMEWORK_SEARCH_PATHS = "";
				GCC_DYNAMIC_NO_PIC = NO;
				GCC_ENABLE_FIX_AND_CONTINUE = YES;
				GCC_GENERATE_DEBUGGING_SYMBOLS = YES;
				GCC_OPTIMIZATION_LEVEL = 0;
				HEADER_SEARCH_PATHS = "";
				INSTALL_PATH = "$(HOME)/Applications";
				LIBRARY_SEARCH_PATHS = "";
				OPTIMIZATION_CFLAGS = "-O0";
				OTHER_CFLAGS = "";
				OTHER_LDFLAGS = "";
				PRECOMPILE_PREFIX_HEADER = YES;
				PREFIX_HEADER = NSOpenGLFullScreen_Prefix.h;
				PRODUCT_NAME = NSOpenGLFullScreen;
				SECTORDER_FLAGS = "";
				WARNING_CFLAGS = (
					"-Wmost",
					"-Wno-four-char-constants",
					"-Wno-unknown-pragmas",
				);
				WRAPPER_EXTENSION = app;
				ZERO_LINK = YES;
			};
			name = Development;
		};
		88CE0EE3117C860E00A1BF42 /* Deployment */ = {
			isa = XCBuildConfiguration;
			buildSettings = {
				COPY_PHASE_STRIP = YES;
				FRAMEWORK_SEARCH_PATHS = "";
				GCC_ENABLE_FIX_AND_CONTINUE = NO;
				HEADER_SEARCH_PATHS = "";
				INSTALL_PATH = "$(HOME)/Applications";
				LIBRARY_SEARCH_PATHS = "";
				OTHER_CFLAGS = "";
				OTHER_LDFLAGS = "";
				PRECOMPILE_PREFIX_HEADER = YES;
				PREFIX_HEADER = NSOpenGLFullScreen_Prefix.h;
				PRODUCT_NAME = NSOpenGLFullScreen;
				SECTORDER_FLAGS = "";
				WARNING_CFLAGS = (
					"-Wmost",
					"-Wno-four-char-constants",
					"-Wno-unknown-pragmas",
				);
				WRAPPER_EXTENSION = app;
				ZERO_LINK = NO;
			};
			name = Deployment;
		};
		88CE0EE4117C860E00A1BF42 /* Default */ = {
			isa = XCBuildConfiguration;
			buildSettings = {
				FRAMEWORK_SEARCH_PATHS = "";
				HEADER_SEARCH_PATHS = "";
				INSTALL_PATH = "$(HOME)/Applications";
				LIBRARY_SEARCH_PATHS = "";
				OTHER_CFLAGS = "";
				OTHER_LDFLAGS = "";
				PRECOMPILE_PREFIX_HEADER = YES;
				PREFIX_HEADER = NSOpenGLFullScreen_Prefix.h;
				PRODUCT_NAME = NSOpenGLFullScreen;
				SECTORDER_FLAGS = "";
				WARNING_CFLAGS = (
					"-Wmost",
					"-Wno-four-char-constants",
					"-Wno-unknown-pragmas",
				);
				WRAPPER_EXTENSION = app;
			};
			name = Default;
		};
/* End XCBuildConfiguration section */

/* Begin XCConfigurationList section */
		88CE0EE5117C860F00A1BF42 /* Build configuration list for PBXProject "NSOpenGLFullScreen" */ = {
			isa = XCConfigurationList;
			buildConfigurations = (
				88CE0EDF117C860E00A1BF42 /* Development */,
				88CE0EE0117C860E00A1BF42 /* Deployment */,
				88CE0EE1117C860E00A1BF42 /* Default */,
			);
			defaultConfigurationIsVisible = 0;
			defaultConfigurationName = Default;
		};
		88CE0EE6117C860F00A1BF42 /* Build configuration list for PBXApplicationTarget "NSOpenGLFullScreen" */ = {
			isa = XCConfigurationList;
			buildConfigurations = (
				88CE0EE2117C860E00A1BF42 /* Development */,
				88CE0EE3117C860E00A1BF42 /* Deployment */,
				88CE0EE4117C860E00A1BF42 /* Default */,
			);
			defaultConfigurationIsVisible = 0;
			defaultConfigurationName = Default;
		};
/* End XCConfigurationList section */
	};
	rootObject = 29B97313FDCFA39411CA2CEA /* Project object */;
}
