// !$*UTF8*$!
{
	archiveVersion = 1;
	classes = {
	};
	objectVersion = 42;
	objects = {

/* Begin PBXApplicationTarget section */
		29B97326FDCFA39411CA2CEA /* smoothernity */ = {
			isa = PBXApplicationTarget;
			buildConfigurationList = 88CE0EE6117C860F00A1BF42 /* Build configuration list for PBXApplicationTarget "smoothernity" */;
			buildPhases = (
				29B97327FDCFA39411CA2CEA /* Headers */,
				29B97328FDCFA39411CA2CEA /* Resources */,
				29B9732BFDCFA39411CA2CEA /* Sources */,
				29B9732DFDCFA39411CA2CEA /* Frameworks */,
			);
			dependencies = (
			);
			name = smoothernity;
			productInstallPath = "$(HOME)/Applications";
			productName = NSOpenGLFullScreen;
			productReference = 17587328FF379C6511CA2CBB /* Smoothernity.app */;
			productSettingsXML = "<?xml version=\"1.0\" encoding=\"UTF-8\"?>
<!DOCTYPE plist PUBLIC \"-//Apple//DTD PLIST 1.0//EN\" \"http://www.apple.com/DTDs/PropertyList-1.0.dtd\">
<plist version=\"1.0\">
<dict>
	<key>CFBundleDevelopmentRegion</key>
	<string>English</string>
	<key>CFBundleExecutable</key>
	<string>Smoothernity</string>
	<key>CFBundleIconFile</key>
	<string>AppIcon</string>
	<key>CFBundleInfoDictionaryVersion</key>
	<string>6.0</string>
	<key>CFBundlePackageType</key>
	<string>APPL</string>
	<key>CFBundleSignature</key>
	<string>????</string>
	<key>CFBundleVersion</key>
	<string>1.0</string>
	<key>NSMainNibFile</key>
	<string>MainMenu</string>
	<key>NSPrincipalClass</key>
	<string>NSApplication</string>
</dict>
</plist>
";
		};
/* End PBXApplicationTarget section */

/* Begin PBXBuildFile section */
		05689227046B13F600000102 /* macosx_opengl_view.h in Headers */ = {isa = PBXBuildFile; fileRef = 05689225046B13F600000102 /* macosx_opengl_view.h */; };
		05689228046B13F600000102 /* macosx_opengl_view.mm in Sources */ = {isa = PBXBuildFile; fileRef = 05689226046B13F600000102 /* macosx_opengl_view.mm */; };
		0568922A046B142600000102 /* OpenGL.framework in Frameworks */ = {isa = PBXBuildFile; fileRef = 05689229046B142600000102 /* OpenGL.framework */; };
		05689231046B14B900000102 /* macosx_main_controller.h in Headers */ = {isa = PBXBuildFile; fileRef = 0568922F046B14B900000102 /* macosx_main_controller.h */; };
		05689232046B14B900000102 /* macosx_main_controller.mm in Sources */ = {isa = PBXBuildFile; fileRef = 05689230046B14B900000102 /* macosx_main_controller.mm */; };
		05689235046B2C0900000102 /* macosx_scene.h in Headers */ = {isa = PBXBuildFile; fileRef = 05689233046B2C0900000102 /* macosx_scene.h */; };
		05689236046B2C0900000102 /* macosx_scene.mm in Sources */ = {isa = PBXBuildFile; fileRef = 05689234046B2C0900000102 /* macosx_scene.mm */; };
		080E96DCFE201CFB7F000001 /* MainMenu.nib in Resources */ = {isa = PBXBuildFile; fileRef = 29B97318FDCFA39411CA2CEA /* MainMenu.nib */; };
		089C165EFE840E0CC02AAC07 /* InfoPlist.strings in Resources */ = {isa = PBXBuildFile; fileRef = 089C165CFE840E0CC02AAC07 /* InfoPlist.strings */; };
		1058C7A3FEA54F0111CA2CBB /* Cocoa.framework in Frameworks */ = {isa = PBXBuildFile; fileRef = 1058C7A1FEA54F0111CA2CBB /* Cocoa.framework */; };
		19B3CC4A119E9D300075357E /* NSOpenGLFullScreen_Prefix.h in Headers */ = {isa = PBXBuildFile; fileRef = 32CA4F630368D1EE00C91783 /* NSOpenGLFullScreen_Prefix.h */; };
		19B3CC4B119E9D300075357E /* macosx_opengl_view.h in Headers */ = {isa = PBXBuildFile; fileRef = 05689225046B13F600000102 /* macosx_opengl_view.h */; };
		19B3CC4C119E9D300075357E /* macosx_main_controller.h in Headers */ = {isa = PBXBuildFile; fileRef = 0568922F046B14B900000102 /* macosx_main_controller.h */; };
		19B3CC4D119E9D300075357E /* macosx_scene.h in Headers */ = {isa = PBXBuildFile; fileRef = 05689233046B2C0900000102 /* macosx_scene.h */; };
		19B3CC4E119E9D300075357E /* macosx_platform.hpp in Headers */ = {isa = PBXBuildFile; fileRef = 886AE9F4117C8B36009CBB6F /* macosx_platform.hpp */; };
		19B3CC4F119E9D300075357E /* macosx_platform_math.hpp in Headers */ = {isa = PBXBuildFile; fileRef = 886AE9F6117C8B36009CBB6F /* macosx_platform_math.hpp */; };
		19B3CC50119E9D300075357E /* macosx_platform_matrix.hpp in Headers */ = {isa = PBXBuildFile; fileRef = 886AE9F7117C8B36009CBB6F /* macosx_platform_matrix.hpp */; };
		19B3CC51119E9D300075357E /* macosx_platform_render.hpp in Headers */ = {isa = PBXBuildFile; fileRef = 886AE9F8117C8B36009CBB6F /* macosx_platform_render.hpp */; };
		19B3CC52119E9D300075357E /* macosx_platform_sound.hpp in Headers */ = {isa = PBXBuildFile; fileRef = 886AE9F9117C8B36009CBB6F /* macosx_platform_sound.hpp */; };
		19B3CC53119E9D300075357E /* macosx_platform_time.hpp in Headers */ = {isa = PBXBuildFile; fileRef = 886AE9FA117C8B36009CBB6F /* macosx_platform_time.hpp */; };
		19B3CC54119E9D300075357E /* macosx_platform_touch.hpp in Headers */ = {isa = PBXBuildFile; fileRef = 886AE9FB117C8B36009CBB6F /* macosx_platform_touch.hpp */; };
		19B3CC55119E9D300075357E /* macosx_platform_vector.hpp in Headers */ = {isa = PBXBuildFile; fileRef = 886AE9FC117C8B36009CBB6F /* macosx_platform_vector.hpp */; };
		19B3CC56119E9D300075357E /* engine_camera.hpp in Headers */ = {isa = PBXBuildFile; fileRef = 8812CEC4117DE26A008F67D9 /* engine_camera.hpp */; };
		19B3CC57119E9D300075357E /* engine_mesh.hpp in Headers */ = {isa = PBXBuildFile; fileRef = 8812CEC5117DE26A008F67D9 /* engine_mesh.hpp */; };
		19B3CC58119E9D300075357E /* facade.hpp in Headers */ = {isa = PBXBuildFile; fileRef = 8812CEC6117DE26A008F67D9 /* facade.hpp */; };
		19B3CC59119E9D300075357E /* logic.hpp in Headers */ = {isa = PBXBuildFile; fileRef = 8812CEC7117DE26A008F67D9 /* logic.hpp */; };
		19B3CC5A119E9D300075357E /* logic_camera.hpp in Headers */ = {isa = PBXBuildFile; fileRef = 8812CEC8117DE26A008F67D9 /* logic_camera.hpp */; };
		19B3CC5B119E9D300075357E /* logic_entities.hpp in Headers */ = {isa = PBXBuildFile; fileRef = 8812CEC9117DE26A008F67D9 /* logic_entities.hpp */; };
		19B3CC5C119E9D300075357E /* logic_fidget.hpp in Headers */ = {isa = PBXBuildFile; fileRef = 8812CECA117DE26A008F67D9 /* logic_fidget.hpp */; };
		19B3CC5D119E9D300075357E /* logic_land.hpp in Headers */ = {isa = PBXBuildFile; fileRef = 8812CECB117DE26A008F67D9 /* logic_land.hpp */; };
		19B3CC5E119E9D300075357E /* logic_sound.hpp in Headers */ = {isa = PBXBuildFile; fileRef = 8812CECC117DE26A008F67D9 /* logic_sound.hpp */; };
		19B3CC5F119E9D300075357E /* logic_touch.hpp in Headers */ = {isa = PBXBuildFile; fileRef = 8812CECD117DE26A008F67D9 /* logic_touch.hpp */; };
		19B3CC60119E9D300075357E /* mediator.hpp in Headers */ = {isa = PBXBuildFile; fileRef = 8812CECE117DE26A008F67D9 /* mediator.hpp */; };
		19B3CC61119E9D300075357E /* macosx_sound_loader.h in Headers */ = {isa = PBXBuildFile; fileRef = 8812CF42117DE8B4008F67D9 /* macosx_sound_loader.h */; };
		19B3CC62119E9D300075357E /* macosx_platform_mouse.hpp in Headers */ = {isa = PBXBuildFile; fileRef = 880A037B1185A15C00363D69 /* macosx_platform_mouse.hpp */; };
		19B3CC63119E9D300075357E /* engine_math.hpp in Headers */ = {isa = PBXBuildFile; fileRef = 88DBFFB211873D4600584A28 /* engine_math.hpp */; };
		19B3CC64119E9D300075357E /* logic_text.hpp in Headers */ = {isa = PBXBuildFile; fileRef = 881B850311886A6D00E31AA1 /* logic_text.hpp */; };
		19B3CC65119E9D300075357E /* engine_rasterizer.hpp in Headers */ = {isa = PBXBuildFile; fileRef = 88E76FEA1188A90100631276 /* engine_rasterizer.hpp */; };
		19B3CC66119E9D300075357E /* engine_texture.hpp in Headers */ = {isa = PBXBuildFile; fileRef = 88F391A0118A0B6400C25327 /* engine_texture.hpp */; };
		19B3CC67119E9D300075357E /* logic_image.hpp in Headers */ = {isa = PBXBuildFile; fileRef = 883E9405119D55F60040B1D6 /* logic_image.hpp */; };
		19B3CC68119E9D300075357E /* macosx_texture_loader.h in Headers */ = {isa = PBXBuildFile; fileRef = 883E9477119D62680040B1D6 /* macosx_texture_loader.h */; };
		19B3CC6A119E9D300075357E /* MainMenu.nib in Resources */ = {isa = PBXBuildFile; fileRef = 29B97318FDCFA39411CA2CEA /* MainMenu.nib */; };
		19B3CC6B119E9D300075357E /* InfoPlist.strings in Resources */ = {isa = PBXBuildFile; fileRef = 089C165CFE840E0CC02AAC07 /* InfoPlist.strings */; };
		19B3CC6C119E9D300075357E /* AppIcon.icns in Resources */ = {isa = PBXBuildFile; fileRef = 4CC8EAF504A26E0D00CA0E34 /* AppIcon.icns */; };
		19B3CC6D119E9D300075357E /* stereo_sound_resource_1.mp3 in Resources */ = {isa = PBXBuildFile; fileRef = 8812CF51117DEA4F008F67D9 /* stereo_sound_resource_1.mp3 */; };
		19B3CC6E119E9D300075357E /* texture_resource_1.png in Resources */ = {isa = PBXBuildFile; fileRef = 883E94D9119D67C00040B1D6 /* texture_resource_1.png */; };
		19B3CC70119E9D300075357E /* main.m in Sources */ = {isa = PBXBuildFile; fileRef = 29B97316FDCFA39411CA2CEA /* main.m */; settings = {ATTRIBUTES = (); }; };
		19B3CC71119E9D300075357E /* macosx_opengl_view.mm in Sources */ = {isa = PBXBuildFile; fileRef = 05689226046B13F600000102 /* macosx_opengl_view.mm */; };
		19B3CC72119E9D300075357E /* macosx_main_controller.mm in Sources */ = {isa = PBXBuildFile; fileRef = 05689230046B14B900000102 /* macosx_main_controller.mm */; };
		19B3CC73119E9D300075357E /* macosx_scene.mm in Sources */ = {isa = PBXBuildFile; fileRef = 05689234046B2C0900000102 /* macosx_scene.mm */; };
		19B3CC74119E9D300075357E /* macosx_platform.mm in Sources */ = {isa = PBXBuildFile; fileRef = 886AE9F5117C8B36009CBB6F /* macosx_platform.mm */; };
		19B3CC75119E9D300075357E /* macosx_sound_loader.m in Sources */ = {isa = PBXBuildFile; fileRef = 8812CF43117DE8B4008F67D9 /* macosx_sound_loader.m */; };
		19B3CC76119E9D300075357E /* macosx_texture_loader.m in Sources */ = {isa = PBXBuildFile; fileRef = 883E9478119D62680040B1D6 /* macosx_texture_loader.m */; };
		19B3CC78119E9D300075357E /* Cocoa.framework in Frameworks */ = {isa = PBXBuildFile; fileRef = 1058C7A1FEA54F0111CA2CBB /* Cocoa.framework */; };
		19B3CC79119E9D300075357E /* OpenGL.framework in Frameworks */ = {isa = PBXBuildFile; fileRef = 05689229046B142600000102 /* OpenGL.framework */; };
		19B3CC7A119E9D300075357E /* OpenAL.framework in Frameworks */ = {isa = PBXBuildFile; fileRef = 8812CF36117DE7F9008F67D9 /* OpenAL.framework */; };
		19B3CC7B119E9D300075357E /* AudioToolbox.framework in Frameworks */ = {isa = PBXBuildFile; fileRef = 8812CF3A117DE80B008F67D9 /* AudioToolbox.framework */; };
		19B3CC7C119E9D300075357E /* QuartzCore.framework in Frameworks */ = {isa = PBXBuildFile; fileRef = 8812CF3E117DE82C008F67D9 /* QuartzCore.framework */; };
		29B9732CFDCFA39411CA2CEA /* main.m in Sources */ = {isa = PBXBuildFile; fileRef = 29B97316FDCFA39411CA2CEA /* main.m */; settings = {ATTRIBUTES = (); }; };
		32CA4F650368D2AA00C91783 /* NSOpenGLFullScreen_Prefix.h in Headers */ = {isa = PBXBuildFile; fileRef = 32CA4F630368D1EE00C91783 /* NSOpenGLFullScreen_Prefix.h */; };
		4CC8EAF604A26E0D00CA0E34 /* AppIcon.icns in Resources */ = {isa = PBXBuildFile; fileRef = 4CC8EAF504A26E0D00CA0E34 /* AppIcon.icns */; };
		880A037C1185A15C00363D69 /* macosx_platform_mouse.hpp in Headers */ = {isa = PBXBuildFile; fileRef = 880A037B1185A15C00363D69 /* macosx_platform_mouse.hpp */; };
		8812CECF117DE26A008F67D9 /* engine_camera.hpp in Headers */ = {isa = PBXBuildFile; fileRef = 8812CEC4117DE26A008F67D9 /* engine_camera.hpp */; };
		8812CED0117DE26A008F67D9 /* engine_mesh.hpp in Headers */ = {isa = PBXBuildFile; fileRef = 8812CEC5117DE26A008F67D9 /* engine_mesh.hpp */; };
		8812CED1117DE26A008F67D9 /* facade.hpp in Headers */ = {isa = PBXBuildFile; fileRef = 8812CEC6117DE26A008F67D9 /* facade.hpp */; };
		8812CED2117DE26A008F67D9 /* logic.hpp in Headers */ = {isa = PBXBuildFile; fileRef = 8812CEC7117DE26A008F67D9 /* logic.hpp */; };
		8812CED3117DE26A008F67D9 /* logic_camera.hpp in Headers */ = {isa = PBXBuildFile; fileRef = 8812CEC8117DE26A008F67D9 /* logic_camera.hpp */; };
		8812CED4117DE26A008F67D9 /* logic_entities.hpp in Headers */ = {isa = PBXBuildFile; fileRef = 8812CEC9117DE26A008F67D9 /* logic_entities.hpp */; };
		8812CED5117DE26A008F67D9 /* logic_fidget.hpp in Headers */ = {isa = PBXBuildFile; fileRef = 8812CECA117DE26A008F67D9 /* logic_fidget.hpp */; };
		8812CED6117DE26A008F67D9 /* logic_land.hpp in Headers */ = {isa = PBXBuildFile; fileRef = 8812CECB117DE26A008F67D9 /* logic_land.hpp */; };
		8812CED7117DE26A008F67D9 /* logic_sound.hpp in Headers */ = {isa = PBXBuildFile; fileRef = 8812CECC117DE26A008F67D9 /* logic_sound.hpp */; };
		8812CED8117DE26A008F67D9 /* logic_touch.hpp in Headers */ = {isa = PBXBuildFile; fileRef = 8812CECD117DE26A008F67D9 /* logic_touch.hpp */; };
		8812CED9117DE26A008F67D9 /* mediator.hpp in Headers */ = {isa = PBXBuildFile; fileRef = 8812CECE117DE26A008F67D9 /* mediator.hpp */; };
		8812CF37117DE7F9008F67D9 /* OpenAL.framework in Frameworks */ = {isa = PBXBuildFile; fileRef = 8812CF36117DE7F9008F67D9 /* OpenAL.framework */; };
		8812CF3B117DE80B008F67D9 /* AudioToolbox.framework in Frameworks */ = {isa = PBXBuildFile; fileRef = 8812CF3A117DE80B008F67D9 /* AudioToolbox.framework */; };
		8812CF3F117DE82C008F67D9 /* QuartzCore.framework in Frameworks */ = {isa = PBXBuildFile; fileRef = 8812CF3E117DE82C008F67D9 /* QuartzCore.framework */; };
		8812CF44117DE8B4008F67D9 /* macosx_sound_loader.h in Headers */ = {isa = PBXBuildFile; fileRef = 8812CF42117DE8B4008F67D9 /* macosx_sound_loader.h */; };
		8812CF45117DE8B4008F67D9 /* macosx_sound_loader.m in Sources */ = {isa = PBXBuildFile; fileRef = 8812CF43117DE8B4008F67D9 /* macosx_sound_loader.m */; };
		8812CF52117DEA4F008F67D9 /* stereo_sound_resource_1.mp3 in Resources */ = {isa = PBXBuildFile; fileRef = 8812CF51117DEA4F008F67D9 /* stereo_sound_resource_1.mp3 */; };
		881B850411886A6D00E31AA1 /* logic_text.hpp in Headers */ = {isa = PBXBuildFile; fileRef = 881B850311886A6D00E31AA1 /* logic_text.hpp */; };
		882B9DA911A16B0900F05A15 /* logic_title.hpp in Headers */ = {isa = PBXBuildFile; fileRef = 882B9DA811A16B0900F05A15 /* logic_title.hpp */; };
		882B9DBA11A1714B00F05A15 /* logic_application.hpp in Headers */ = {isa = PBXBuildFile; fileRef = 882B9DB911A1714B00F05A15 /* logic_application.hpp */; };
		882B9DD811A1740800F05A15 /* logic_game.hpp in Headers */ = {isa = PBXBuildFile; fileRef = 882B9DD711A1740800F05A15 /* logic_game.hpp */; };
		883E9406119D55F60040B1D6 /* logic_image.hpp in Headers */ = {isa = PBXBuildFile; fileRef = 883E9405119D55F60040B1D6 /* logic_image.hpp */; };
		883E9479119D62680040B1D6 /* macosx_texture_loader.h in Headers */ = {isa = PBXBuildFile; fileRef = 883E9477119D62680040B1D6 /* macosx_texture_loader.h */; };
		883E947A119D62680040B1D6 /* macosx_texture_loader.m in Sources */ = {isa = PBXBuildFile; fileRef = 883E9478119D62680040B1D6 /* macosx_texture_loader.m */; };
		883E94DA119D67C00040B1D6 /* texture_resource_1.png in Resources */ = {isa = PBXBuildFile; fileRef = 883E94D9119D67C00040B1D6 /* texture_resource_1.png */; };
		8840916C11A4080E00939F1B /* macosx_platform_condition.hpp in Headers */ = {isa = PBXBuildFile; fileRef = 8840916B11A4080E00939F1B /* macosx_platform_condition.hpp */; };
		886AE9FD117C8B36009CBB6F /* macosx_platform.hpp in Headers */ = {isa = PBXBuildFile; fileRef = 886AE9F4117C8B36009CBB6F /* macosx_platform.hpp */; };
		886AE9FE117C8B36009CBB6F /* macosx_platform.mm in Sources */ = {isa = PBXBuildFile; fileRef = 886AE9F5117C8B36009CBB6F /* macosx_platform.mm */; };
		886AE9FF117C8B36009CBB6F /* macosx_platform_math.hpp in Headers */ = {isa = PBXBuildFile; fileRef = 886AE9F6117C8B36009CBB6F /* macosx_platform_math.hpp */; };
		886AEA00117C8B36009CBB6F /* macosx_platform_matrix.hpp in Headers */ = {isa = PBXBuildFile; fileRef = 886AE9F7117C8B36009CBB6F /* macosx_platform_matrix.hpp */; };
		886AEA01117C8B36009CBB6F /* macosx_platform_render.hpp in Headers */ = {isa = PBXBuildFile; fileRef = 886AE9F8117C8B36009CBB6F /* macosx_platform_render.hpp */; };
		886AEA02117C8B36009CBB6F /* macosx_platform_sound.hpp in Headers */ = {isa = PBXBuildFile; fileRef = 886AE9F9117C8B36009CBB6F /* macosx_platform_sound.hpp */; };
		886AEA03117C8B36009CBB6F /* macosx_platform_time.hpp in Headers */ = {isa = PBXBuildFile; fileRef = 886AE9FA117C8B36009CBB6F /* macosx_platform_time.hpp */; };
		886AEA04117C8B36009CBB6F /* macosx_platform_touch.hpp in Headers */ = {isa = PBXBuildFile; fileRef = 886AE9FB117C8B36009CBB6F /* macosx_platform_touch.hpp */; };
		886AEA05117C8B36009CBB6F /* macosx_platform_vector.hpp in Headers */ = {isa = PBXBuildFile; fileRef = 886AE9FC117C8B36009CBB6F /* macosx_platform_vector.hpp */; };
		88DBFFB311873D4600584A28 /* engine_math.hpp in Headers */ = {isa = PBXBuildFile; fileRef = 88DBFFB211873D4600584A28 /* engine_math.hpp */; };
		88E76FEB1188A90100631276 /* engine_rasterizer.hpp in Headers */ = {isa = PBXBuildFile; fileRef = 88E76FEA1188A90100631276 /* engine_rasterizer.hpp */; };
		88F391A1118A0B6400C25327 /* engine_texture.hpp in Headers */ = {isa = PBXBuildFile; fileRef = 88F391A0118A0B6400C25327 /* engine_texture.hpp */; };
		88F56BFE11A5468800618E3C /* macosx_platform_memory.hpp in Headers */ = {isa = PBXBuildFile; fileRef = 88F56BFD11A5468800618E3C /* macosx_platform_memory.hpp */; };
/* End PBXBuildFile section */

/* Begin PBXFileReference section */
		05689225046B13F600000102 /* macosx_opengl_view.h */ = {isa = PBXFileReference; fileEncoding = 30; lastKnownFileType = sourcecode.c.h; path = macosx_opengl_view.h; sourceTree = "<group>"; };
		05689226046B13F600000102 /* macosx_opengl_view.mm */ = {isa = PBXFileReference; fileEncoding = 30; lastKnownFileType = sourcecode.cpp.objcpp; path = macosx_opengl_view.mm; sourceTree = "<group>"; };
		05689229046B142600000102 /* OpenGL.framework */ = {isa = PBXFileReference; lastKnownFileType = wrapper.framework; name = OpenGL.framework; path = /System/Library/Frameworks/OpenGL.framework; sourceTree = "<absolute>"; };
		0568922F046B14B900000102 /* macosx_main_controller.h */ = {isa = PBXFileReference; fileEncoding = 4; lastKnownFileType = sourcecode.c.h; path = macosx_main_controller.h; sourceTree = "<group>"; };
		05689230046B14B900000102 /* macosx_main_controller.mm */ = {isa = PBXFileReference; fileEncoding = 4; lastKnownFileType = sourcecode.cpp.objcpp; path = macosx_main_controller.mm; sourceTree = "<group>"; };
		05689233046B2C0900000102 /* macosx_scene.h */ = {isa = PBXFileReference; fileEncoding = 4; lastKnownFileType = sourcecode.c.h; path = macosx_scene.h; sourceTree = "<group>"; };
		05689234046B2C0900000102 /* macosx_scene.mm */ = {isa = PBXFileReference; fileEncoding = 4; lastKnownFileType = sourcecode.cpp.objcpp; path = macosx_scene.mm; sourceTree = "<group>"; };
		089C165DFE840E0CC02AAC07 /* English */ = {isa = PBXFileReference; fileEncoding = 10; lastKnownFileType = text.plist.strings; name = English; path = English.lproj/InfoPlist.strings; sourceTree = "<group>"; };
		1058C7A1FEA54F0111CA2CBB /* Cocoa.framework */ = {isa = PBXFileReference; lastKnownFileType = wrapper.framework; name = Cocoa.framework; path = /System/Library/Frameworks/Cocoa.framework; sourceTree = "<absolute>"; };
		17587328FF379C6511CA2CBB /* Smoothernity.app */ = {isa = PBXFileReference; explicitFileType = wrapper.application; path = Smoothernity.app; sourceTree = BUILT_PRODUCTS_DIR; };
		19B3CC81119E9D300075357E /* Info-smoothernity__Upgraded.plist */ = {isa = PBXFileReference; lastKnownFileType = text.plist.xml; path = "Info-smoothernity__Upgraded.plist"; sourceTree = "<group>"; };
		19B3CC82119E9D300075357E /* Smoothernity.app */ = {isa = PBXFileReference; explicitFileType = wrapper.application; includeInIndex = 0; path = Smoothernity.app; sourceTree = BUILT_PRODUCTS_DIR; };
		29B97316FDCFA39411CA2CEA /* main.m */ = {isa = PBXFileReference; fileEncoding = 30; lastKnownFileType = sourcecode.c.objc; path = main.m; sourceTree = "<group>"; };
		29B97319FDCFA39411CA2CEA /* English */ = {isa = PBXFileReference; lastKnownFileType = wrapper.nib; name = English; path = English.lproj/MainMenu.nib; sourceTree = "<group>"; };
		29B97324FDCFA39411CA2CEA /* AppKit.framework */ = {isa = PBXFileReference; lastKnownFileType = wrapper.framework; name = AppKit.framework; path = /System/Library/Frameworks/AppKit.framework; sourceTree = "<absolute>"; };
		29B97325FDCFA39411CA2CEA /* Foundation.framework */ = {isa = PBXFileReference; lastKnownFileType = wrapper.framework; name = Foundation.framework; path = /System/Library/Frameworks/Foundation.framework; sourceTree = "<absolute>"; };
		32CA4F630368D1EE00C91783 /* NSOpenGLFullScreen_Prefix.h */ = {isa = PBXFileReference; fileEncoding = 4; lastKnownFileType = sourcecode.c.h; path = NSOpenGLFullScreen_Prefix.h; sourceTree = "<group>"; };
		4CC8EAF504A26E0D00CA0E34 /* AppIcon.icns */ = {isa = PBXFileReference; lastKnownFileType = image.icns; path = AppIcon.icns; sourceTree = "<group>"; };
		880A037B1185A15C00363D69 /* macosx_platform_mouse.hpp */ = {isa = PBXFileReference; fileEncoding = 4; lastKnownFileType = sourcecode.cpp.h; path = macosx_platform_mouse.hpp; sourceTree = "<group>"; };
		8812CEC4117DE26A008F67D9 /* engine_camera.hpp */ = {isa = PBXFileReference; fileEncoding = 4; lastKnownFileType = sourcecode.cpp.h; path = engine_camera.hpp; sourceTree = "<group>"; };
		8812CEC5117DE26A008F67D9 /* engine_mesh.hpp */ = {isa = PBXFileReference; fileEncoding = 4; lastKnownFileType = sourcecode.cpp.h; path = engine_mesh.hpp; sourceTree = "<group>"; };
		8812CEC6117DE26A008F67D9 /* facade.hpp */ = {isa = PBXFileReference; fileEncoding = 4; lastKnownFileType = sourcecode.cpp.h; path = facade.hpp; sourceTree = "<group>"; };
		8812CEC7117DE26A008F67D9 /* logic.hpp */ = {isa = PBXFileReference; fileEncoding = 4; lastKnownFileType = sourcecode.cpp.h; path = logic.hpp; sourceTree = "<group>"; };
		8812CEC8117DE26A008F67D9 /* logic_camera.hpp */ = {isa = PBXFileReference; fileEncoding = 4; lastKnownFileType = sourcecode.cpp.h; path = logic_camera.hpp; sourceTree = "<group>"; };
		8812CEC9117DE26A008F67D9 /* logic_entities.hpp */ = {isa = PBXFileReference; fileEncoding = 4; lastKnownFileType = sourcecode.cpp.h; path = logic_entities.hpp; sourceTree = "<group>"; };
		8812CECA117DE26A008F67D9 /* logic_fidget.hpp */ = {isa = PBXFileReference; fileEncoding = 4; lastKnownFileType = sourcecode.cpp.h; path = logic_fidget.hpp; sourceTree = "<group>"; };
		8812CECB117DE26A008F67D9 /* logic_land.hpp */ = {isa = PBXFileReference; fileEncoding = 4; lastKnownFileType = sourcecode.cpp.h; path = logic_land.hpp; sourceTree = "<group>"; };
		8812CECC117DE26A008F67D9 /* logic_sound.hpp */ = {isa = PBXFileReference; fileEncoding = 4; lastKnownFileType = sourcecode.cpp.h; path = logic_sound.hpp; sourceTree = "<group>"; };
		8812CECD117DE26A008F67D9 /* logic_touch.hpp */ = {isa = PBXFileReference; fileEncoding = 4; lastKnownFileType = sourcecode.cpp.h; path = logic_touch.hpp; sourceTree = "<group>"; };
		8812CECE117DE26A008F67D9 /* mediator.hpp */ = {isa = PBXFileReference; fileEncoding = 4; lastKnownFileType = sourcecode.cpp.h; path = mediator.hpp; sourceTree = "<group>"; };
		8812CF36117DE7F9008F67D9 /* OpenAL.framework */ = {isa = PBXFileReference; lastKnownFileType = wrapper.framework; name = OpenAL.framework; path = /System/Library/Frameworks/OpenAL.framework; sourceTree = "<absolute>"; };
		8812CF3A117DE80B008F67D9 /* AudioToolbox.framework */ = {isa = PBXFileReference; lastKnownFileType = wrapper.framework; name = AudioToolbox.framework; path = /System/Library/Frameworks/AudioToolbox.framework; sourceTree = "<absolute>"; };
		8812CF3E117DE82C008F67D9 /* QuartzCore.framework */ = {isa = PBXFileReference; lastKnownFileType = wrapper.framework; name = QuartzCore.framework; path = /System/Library/Frameworks/QuartzCore.framework; sourceTree = "<absolute>"; };
		8812CF42117DE8B4008F67D9 /* macosx_sound_loader.h */ = {isa = PBXFileReference; fileEncoding = 4; lastKnownFileType = sourcecode.c.h; path = macosx_sound_loader.h; sourceTree = "<group>"; };
		8812CF43117DE8B4008F67D9 /* macosx_sound_loader.m */ = {isa = PBXFileReference; fileEncoding = 4; lastKnownFileType = sourcecode.c.objc; path = macosx_sound_loader.m; sourceTree = "<group>"; };
		8812CF51117DEA4F008F67D9 /* stereo_sound_resource_1.mp3 */ = {isa = PBXFileReference; lastKnownFileType = audio.mp3; name = stereo_sound_resource_1.mp3; path = ../../resources/stereo_sound_resource_1.mp3; sourceTree = SOURCE_ROOT; };
		881B850311886A6D00E31AA1 /* logic_text.hpp */ = {isa = PBXFileReference; fileEncoding = 4; lastKnownFileType = sourcecode.cpp.h; path = logic_text.hpp; sourceTree = "<group>"; };
		882B9DA811A16B0900F05A15 /* logic_title.hpp */ = {isa = PBXFileReference; fileEncoding = 4; lastKnownFileType = sourcecode.cpp.h; path = logic_title.hpp; sourceTree = "<group>"; };
		882B9DB911A1714B00F05A15 /* logic_application.hpp */ = {isa = PBXFileReference; fileEncoding = 4; lastKnownFileType = sourcecode.cpp.h; path = logic_application.hpp; sourceTree = "<group>"; };
		882B9DD711A1740800F05A15 /* logic_game.hpp */ = {isa = PBXFileReference; fileEncoding = 4; lastKnownFileType = sourcecode.cpp.h; path = logic_game.hpp; sourceTree = "<group>"; };
		883E9405119D55F60040B1D6 /* logic_image.hpp */ = {isa = PBXFileReference; fileEncoding = 4; lastKnownFileType = sourcecode.cpp.h; path = logic_image.hpp; sourceTree = "<group>"; };
		883E9477119D62680040B1D6 /* macosx_texture_loader.h */ = {isa = PBXFileReference; fileEncoding = 4; lastKnownFileType = sourcecode.c.h; path = macosx_texture_loader.h; sourceTree = "<group>"; };
		883E9478119D62680040B1D6 /* macosx_texture_loader.m */ = {isa = PBXFileReference; fileEncoding = 4; lastKnownFileType = sourcecode.c.objc; path = macosx_texture_loader.m; sourceTree = "<group>"; };
		883E94D9119D67C00040B1D6 /* texture_resource_1.png */ = {isa = PBXFileReference; lastKnownFileType = image.png; name = texture_resource_1.png; path = ../../resources/texture_resource_1.png; sourceTree = SOURCE_ROOT; };
		8840916B11A4080E00939F1B /* macosx_platform_condition.hpp */ = {isa = PBXFileReference; fileEncoding = 4; lastKnownFileType = sourcecode.cpp.h; path = macosx_platform_condition.hpp; sourceTree = "<group>"; };
		886AE9F4117C8B36009CBB6F /* macosx_platform.hpp */ = {isa = PBXFileReference; fileEncoding = 4; lastKnownFileType = sourcecode.cpp.h; path = macosx_platform.hpp; sourceTree = "<group>"; };
		886AE9F5117C8B36009CBB6F /* macosx_platform.mm */ = {isa = PBXFileReference; fileEncoding = 4; lastKnownFileType = sourcecode.cpp.objcpp; path = macosx_platform.mm; sourceTree = "<group>"; };
		886AE9F6117C8B36009CBB6F /* macosx_platform_math.hpp */ = {isa = PBXFileReference; fileEncoding = 4; lastKnownFileType = sourcecode.cpp.h; path = macosx_platform_math.hpp; sourceTree = "<group>"; };
		886AE9F7117C8B36009CBB6F /* macosx_platform_matrix.hpp */ = {isa = PBXFileReference; fileEncoding = 4; lastKnownFileType = sourcecode.cpp.h; path = macosx_platform_matrix.hpp; sourceTree = "<group>"; };
		886AE9F8117C8B36009CBB6F /* macosx_platform_render.hpp */ = {isa = PBXFileReference; fileEncoding = 4; lastKnownFileType = sourcecode.cpp.h; path = macosx_platform_render.hpp; sourceTree = "<group>"; };
		886AE9F9117C8B36009CBB6F /* macosx_platform_sound.hpp */ = {isa = PBXFileReference; fileEncoding = 4; lastKnownFileType = sourcecode.cpp.h; path = macosx_platform_sound.hpp; sourceTree = "<group>"; };
		886AE9FA117C8B36009CBB6F /* macosx_platform_time.hpp */ = {isa = PBXFileReference; fileEncoding = 4; lastKnownFileType = sourcecode.cpp.h; path = macosx_platform_time.hpp; sourceTree = "<group>"; };
		886AE9FB117C8B36009CBB6F /* macosx_platform_touch.hpp */ = {isa = PBXFileReference; fileEncoding = 4; lastKnownFileType = sourcecode.cpp.h; path = macosx_platform_touch.hpp; sourceTree = "<group>"; };
		886AE9FC117C8B36009CBB6F /* macosx_platform_vector.hpp */ = {isa = PBXFileReference; fileEncoding = 4; lastKnownFileType = sourcecode.cpp.h; path = macosx_platform_vector.hpp; sourceTree = "<group>"; };
		88DBFFB211873D4600584A28 /* engine_math.hpp */ = {isa = PBXFileReference; fileEncoding = 4; lastKnownFileType = sourcecode.cpp.h; path = engine_math.hpp; sourceTree = "<group>"; };
		88E76FEA1188A90100631276 /* engine_rasterizer.hpp */ = {isa = PBXFileReference; fileEncoding = 4; lastKnownFileType = sourcecode.cpp.h; path = engine_rasterizer.hpp; sourceTree = "<group>"; };
		88F391A0118A0B6400C25327 /* engine_texture.hpp */ = {isa = PBXFileReference; fileEncoding = 4; lastKnownFileType = sourcecode.cpp.h; path = engine_texture.hpp; sourceTree = "<group>"; };
		88F56BFD11A5468800618E3C /* macosx_platform_memory.hpp */ = {isa = PBXFileReference; fileEncoding = 4; lastKnownFileType = sourcecode.cpp.h; path = macosx_platform_memory.hpp; sourceTree = "<group>"; };
/* End PBXFileReference section */

/* Begin PBXFrameworksBuildPhase section */
		19B3CC77119E9D300075357E /* Frameworks */ = {
			isa = PBXFrameworksBuildPhase;
			buildActionMask = 2147483647;
			files = (
				19B3CC78119E9D300075357E /* Cocoa.framework in Frameworks */,
				19B3CC79119E9D300075357E /* OpenGL.framework in Frameworks */,
				19B3CC7A119E9D300075357E /* OpenAL.framework in Frameworks */,
				19B3CC7B119E9D300075357E /* AudioToolbox.framework in Frameworks */,
				19B3CC7C119E9D300075357E /* QuartzCore.framework in Frameworks */,
			);
			runOnlyForDeploymentPostprocessing = 0;
		};
		29B9732DFDCFA39411CA2CEA /* Frameworks */ = {
			isa = PBXFrameworksBuildPhase;
			buildActionMask = 2147483647;
			files = (
				1058C7A3FEA54F0111CA2CBB /* Cocoa.framework in Frameworks */,
				0568922A046B142600000102 /* OpenGL.framework in Frameworks */,
				8812CF37117DE7F9008F67D9 /* OpenAL.framework in Frameworks */,
				8812CF3B117DE80B008F67D9 /* AudioToolbox.framework in Frameworks */,
				8812CF3F117DE82C008F67D9 /* QuartzCore.framework in Frameworks */,
			);
			runOnlyForDeploymentPostprocessing = 0;
		};
/* End PBXFrameworksBuildPhase section */

/* Begin PBXGroup section */
		080E96DDFE201D6D7F000001 /* Classes */ = {
			isa = PBXGroup;
			children = (
				8812CEC3117DE26A008F67D9 /* common */,
				0568922F046B14B900000102 /* macosx_main_controller.h */,
				05689230046B14B900000102 /* macosx_main_controller.mm */,
				05689225046B13F600000102 /* macosx_opengl_view.h */,
				05689226046B13F600000102 /* macosx_opengl_view.mm */,
				886AE9F4117C8B36009CBB6F /* macosx_platform.hpp */,
				886AE9F5117C8B36009CBB6F /* macosx_platform.mm */,
				8840916B11A4080E00939F1B /* macosx_platform_condition.hpp */,
				886AE9F6117C8B36009CBB6F /* macosx_platform_math.hpp */,
				886AE9F7117C8B36009CBB6F /* macosx_platform_matrix.hpp */,
				88F56BFD11A5468800618E3C /* macosx_platform_memory.hpp */,
				880A037B1185A15C00363D69 /* macosx_platform_mouse.hpp */,
				886AE9F8117C8B36009CBB6F /* macosx_platform_render.hpp */,
				886AE9F9117C8B36009CBB6F /* macosx_platform_sound.hpp */,
				886AE9FA117C8B36009CBB6F /* macosx_platform_time.hpp */,
				886AE9FB117C8B36009CBB6F /* macosx_platform_touch.hpp */,
				886AE9FC117C8B36009CBB6F /* macosx_platform_vector.hpp */,
				05689233046B2C0900000102 /* macosx_scene.h */,
				05689234046B2C0900000102 /* macosx_scene.mm */,
				8812CF42117DE8B4008F67D9 /* macosx_sound_loader.h */,
				8812CF43117DE8B4008F67D9 /* macosx_sound_loader.m */,
				883E9477119D62680040B1D6 /* macosx_texture_loader.h */,
				883E9478119D62680040B1D6 /* macosx_texture_loader.m */,
			);
			name = Classes;
			sourceTree = "<group>";
		};
		1058C7A0FEA54F0111CA2CBB /* Linked Frameworks */ = {
			isa = PBXGroup;
			children = (
				8812CF3E117DE82C008F67D9 /* QuartzCore.framework */,
				8812CF3A117DE80B008F67D9 /* AudioToolbox.framework */,
				8812CF36117DE7F9008F67D9 /* OpenAL.framework */,
				05689229046B142600000102 /* OpenGL.framework */,
				1058C7A1FEA54F0111CA2CBB /* Cocoa.framework */,
			);
			name = "Linked Frameworks";
			sourceTree = "<group>";
		};
		1058C7A2FEA54F0111CA2CBB /* Other Frameworks */ = {
			isa = PBXGroup;
			children = (
				29B97325FDCFA39411CA2CEA /* Foundation.framework */,
				29B97324FDCFA39411CA2CEA /* AppKit.framework */,
			);
			name = "Other Frameworks";
			sourceTree = "<group>";
		};
		19C28FACFE9D520D11CA2CBB /* Products */ = {
			isa = PBXGroup;
			children = (
				17587328FF379C6511CA2CBB /* Smoothernity.app */,
				19B3CC82119E9D300075357E /* Smoothernity.app */,
			);
			name = Products;
			sourceTree = "<group>";
		};
		29B97314FDCFA39411CA2CEA /* NSOpenGLFullScreen */ = {
			isa = PBXGroup;
			children = (
				080E96DDFE201D6D7F000001 /* Classes */,
				4CB60DB40471567900090FEF /* Categories */,
				29B97315FDCFA39411CA2CEA /* Other Sources */,
				29B97317FDCFA39411CA2CEA /* Resources */,
				29B97323FDCFA39411CA2CEA /* Frameworks */,
				19C28FACFE9D520D11CA2CBB /* Products */,
				19B3CC81119E9D300075357E /* Info-smoothernity__Upgraded.plist */,
			);
			name = NSOpenGLFullScreen;
			sourceTree = "<group>";
		};
		29B97315FDCFA39411CA2CEA /* Other Sources */ = {
			isa = PBXGroup;
			children = (
				32CA4F630368D1EE00C91783 /* NSOpenGLFullScreen_Prefix.h */,
				29B97316FDCFA39411CA2CEA /* main.m */,
			);
			name = "Other Sources";
			sourceTree = "<group>";
		};
		29B97317FDCFA39411CA2CEA /* Resources */ = {
			isa = PBXGroup;
			children = (
				8812CF51117DEA4F008F67D9 /* stereo_sound_resource_1.mp3 */,
				883E94D9119D67C00040B1D6 /* texture_resource_1.png */,
				4CC8EAF504A26E0D00CA0E34 /* AppIcon.icns */,
				29B97318FDCFA39411CA2CEA /* MainMenu.nib */,
				089C165CFE840E0CC02AAC07 /* InfoPlist.strings */,
			);
			name = Resources;
			sourceTree = "<group>";
		};
		29B97323FDCFA39411CA2CEA /* Frameworks */ = {
			isa = PBXGroup;
			children = (
				1058C7A0FEA54F0111CA2CBB /* Linked Frameworks */,
				1058C7A2FEA54F0111CA2CBB /* Other Frameworks */,
			);
			name = Frameworks;
			sourceTree = "<group>";
		};
		4CB60DB40471567900090FEF /* Categories */ = {
			isa = PBXGroup;
			children = (
			);
			name = Categories;
			sourceTree = "<group>";
		};
		8812CEC3117DE26A008F67D9 /* common */ = {
			isa = PBXGroup;
			children = (
				8812CEC4117DE26A008F67D9 /* engine_camera.hpp */,
				88DBFFB211873D4600584A28 /* engine_math.hpp */,
				8812CEC5117DE26A008F67D9 /* engine_mesh.hpp */,
				88E76FEA1188A90100631276 /* engine_rasterizer.hpp */,
				88F391A0118A0B6400C25327 /* engine_texture.hpp */,
				8812CEC6117DE26A008F67D9 /* facade.hpp */,
				8812CEC7117DE26A008F67D9 /* logic.hpp */,
				882B9DB911A1714B00F05A15 /* logic_application.hpp */,
				8812CEC8117DE26A008F67D9 /* logic_camera.hpp */,
				8812CEC9117DE26A008F67D9 /* logic_entities.hpp */,
				8812CECA117DE26A008F67D9 /* logic_fidget.hpp */,
				882B9DD711A1740800F05A15 /* logic_game.hpp */,
				883E9405119D55F60040B1D6 /* logic_image.hpp */,
				8812CECB117DE26A008F67D9 /* logic_land.hpp */,
				8812CECC117DE26A008F67D9 /* logic_sound.hpp */,
				881B850311886A6D00E31AA1 /* logic_text.hpp */,
				882B9DA811A16B0900F05A15 /* logic_title.hpp */,
				8812CECD117DE26A008F67D9 /* logic_touch.hpp */,
				8812CECE117DE26A008F67D9 /* mediator.hpp */,
			);
			name = common;
			path = ../common;
			sourceTree = SOURCE_ROOT;
		};
/* End PBXGroup section */

/* Begin PBXHeadersBuildPhase section */
		19B3CC49119E9D300075357E /* Headers */ = {
			isa = PBXHeadersBuildPhase;
			buildActionMask = 2147483647;
			files = (
				19B3CC4A119E9D300075357E /* NSOpenGLFullScreen_Prefix.h in Headers */,
				19B3CC4B119E9D300075357E /* macosx_opengl_view.h in Headers */,
				19B3CC4C119E9D300075357E /* macosx_main_controller.h in Headers */,
				19B3CC4D119E9D300075357E /* macosx_scene.h in Headers */,
				19B3CC4E119E9D300075357E /* macosx_platform.hpp in Headers */,
				19B3CC4F119E9D300075357E /* macosx_platform_math.hpp in Headers */,
				19B3CC50119E9D300075357E /* macosx_platform_matrix.hpp in Headers */,
				19B3CC51119E9D300075357E /* macosx_platform_render.hpp in Headers */,
				19B3CC52119E9D300075357E /* macosx_platform_sound.hpp in Headers */,
				19B3CC53119E9D300075357E /* macosx_platform_time.hpp in Headers */,
				19B3CC54119E9D300075357E /* macosx_platform_touch.hpp in Headers */,
				19B3CC55119E9D300075357E /* macosx_platform_vector.hpp in Headers */,
				19B3CC56119E9D300075357E /* engine_camera.hpp in Headers */,
				19B3CC57119E9D300075357E /* engine_mesh.hpp in Headers */,
				19B3CC58119E9D300075357E /* facade.hpp in Headers */,
				19B3CC59119E9D300075357E /* logic.hpp in Headers */,
				19B3CC5A119E9D300075357E /* logic_camera.hpp in Headers */,
				19B3CC5B119E9D300075357E /* logic_entities.hpp in Headers */,
				19B3CC5C119E9D300075357E /* logic_fidget.hpp in Headers */,
				19B3CC5D119E9D300075357E /* logic_land.hpp in Headers */,
				19B3CC5E119E9D300075357E /* logic_sound.hpp in Headers */,
				19B3CC5F119E9D300075357E /* logic_touch.hpp in Headers */,
				19B3CC60119E9D300075357E /* mediator.hpp in Headers */,
				19B3CC61119E9D300075357E /* macosx_sound_loader.h in Headers */,
				19B3CC62119E9D300075357E /* macosx_platform_mouse.hpp in Headers */,
				19B3CC63119E9D300075357E /* engine_math.hpp in Headers */,
				19B3CC64119E9D300075357E /* logic_text.hpp in Headers */,
				19B3CC65119E9D300075357E /* engine_rasterizer.hpp in Headers */,
				19B3CC66119E9D300075357E /* engine_texture.hpp in Headers */,
				19B3CC67119E9D300075357E /* logic_image.hpp in Headers */,
				19B3CC68119E9D300075357E /* macosx_texture_loader.h in Headers */,
			);
			runOnlyForDeploymentPostprocessing = 0;
		};
		29B97327FDCFA39411CA2CEA /* Headers */ = {
			isa = PBXHeadersBuildPhase;
			buildActionMask = 2147483647;
			files = (
				32CA4F650368D2AA00C91783 /* NSOpenGLFullScreen_Prefix.h in Headers */,
				05689227046B13F600000102 /* macosx_opengl_view.h in Headers */,
				05689231046B14B900000102 /* macosx_main_controller.h in Headers */,
				05689235046B2C0900000102 /* macosx_scene.h in Headers */,
				886AE9FD117C8B36009CBB6F /* macosx_platform.hpp in Headers */,
				886AE9FF117C8B36009CBB6F /* macosx_platform_math.hpp in Headers */,
				886AEA00117C8B36009CBB6F /* macosx_platform_matrix.hpp in Headers */,
				886AEA01117C8B36009CBB6F /* macosx_platform_render.hpp in Headers */,
				886AEA02117C8B36009CBB6F /* macosx_platform_sound.hpp in Headers */,
				886AEA03117C8B36009CBB6F /* macosx_platform_time.hpp in Headers */,
				886AEA04117C8B36009CBB6F /* macosx_platform_touch.hpp in Headers */,
				886AEA05117C8B36009CBB6F /* macosx_platform_vector.hpp in Headers */,
				8812CECF117DE26A008F67D9 /* engine_camera.hpp in Headers */,
				8812CED0117DE26A008F67D9 /* engine_mesh.hpp in Headers */,
				8812CED1117DE26A008F67D9 /* facade.hpp in Headers */,
				8812CED2117DE26A008F67D9 /* logic.hpp in Headers */,
				8812CED3117DE26A008F67D9 /* logic_camera.hpp in Headers */,
				8812CED4117DE26A008F67D9 /* logic_entities.hpp in Headers */,
				8812CED5117DE26A008F67D9 /* logic_fidget.hpp in Headers */,
				8812CED6117DE26A008F67D9 /* logic_land.hpp in Headers */,
				8812CED7117DE26A008F67D9 /* logic_sound.hpp in Headers */,
				8812CED8117DE26A008F67D9 /* logic_touch.hpp in Headers */,
				8812CED9117DE26A008F67D9 /* mediator.hpp in Headers */,
				8812CF44117DE8B4008F67D9 /* macosx_sound_loader.h in Headers */,
				880A037C1185A15C00363D69 /* macosx_platform_mouse.hpp in Headers */,
				88DBFFB311873D4600584A28 /* engine_math.hpp in Headers */,
				881B850411886A6D00E31AA1 /* logic_text.hpp in Headers */,
				88E76FEB1188A90100631276 /* engine_rasterizer.hpp in Headers */,
				88F391A1118A0B6400C25327 /* engine_texture.hpp in Headers */,
				883E9406119D55F60040B1D6 /* logic_image.hpp in Headers */,
				883E9479119D62680040B1D6 /* macosx_texture_loader.h in Headers */,
				882B9DA911A16B0900F05A15 /* logic_title.hpp in Headers */,
				882B9DBA11A1714B00F05A15 /* logic_application.hpp in Headers */,
				882B9DD811A1740800F05A15 /* logic_game.hpp in Headers */,
				8840916C11A4080E00939F1B /* macosx_platform_condition.hpp in Headers */,
				88F56BFE11A5468800618E3C /* macosx_platform_memory.hpp in Headers */,
			);
			runOnlyForDeploymentPostprocessing = 0;
		};
/* End PBXHeadersBuildPhase section */

/* Begin PBXNativeTarget section */
		19B3CC48119E9D300075357E /* smoothernity (Upgraded) */ = {
			isa = PBXNativeTarget;
			buildConfigurationList = 19B3CC7D119E9D300075357E /* Build configuration list for PBXNativeTarget "smoothernity (Upgraded)" */;
			buildPhases = (
				19B3CC49119E9D300075357E /* Headers */,
				19B3CC69119E9D300075357E /* Resources */,
				19B3CC6F119E9D300075357E /* Sources */,
				19B3CC77119E9D300075357E /* Frameworks */,
			);
			buildRules = (
			);
			dependencies = (
			);
			name = "smoothernity (Upgraded)";
			productInstallPath = "$(HOME)/Applications";
			productName = NSOpenGLFullScreen;
			productReference = 19B3CC82119E9D300075357E /* Smoothernity.app */;
			productType = "com.apple.product-type.application";
		};
/* End PBXNativeTarget section */

/* Begin PBXProject section */
		29B97313FDCFA39411CA2CEA /* Project object */ = {
			isa = PBXProject;
			buildConfigurationList = 88CE0EE5117C860F00A1BF42 /* Build configuration list for PBXProject "smoothernity" */;
			compatibilityVersion = "Xcode 2.4";
			hasScannedForEncodings = 1;
			mainGroup = 29B97314FDCFA39411CA2CEA /* NSOpenGLFullScreen */;
			projectDirPath = "";
			projectRoot = "";
			targets = (
				19B3CC48119E9D300075357E /* smoothernity (Upgraded) */,
				29B97326FDCFA39411CA2CEA /* smoothernity */,
			);
		};
/* End PBXProject section */

/* Begin PBXResourcesBuildPhase section */
		19B3CC69119E9D300075357E /* Resources */ = {
			isa = PBXResourcesBuildPhase;
			buildActionMask = 2147483647;
			files = (
				19B3CC6A119E9D300075357E /* MainMenu.nib in Resources */,
				19B3CC6B119E9D300075357E /* InfoPlist.strings in Resources */,
				19B3CC6C119E9D300075357E /* AppIcon.icns in Resources */,
				19B3CC6D119E9D300075357E /* stereo_sound_resource_1.mp3 in Resources */,
				19B3CC6E119E9D300075357E /* texture_resource_1.png in Resources */,
			);
			runOnlyForDeploymentPostprocessing = 0;
		};
		29B97328FDCFA39411CA2CEA /* Resources */ = {
			isa = PBXResourcesBuildPhase;
			buildActionMask = 2147483647;
			files = (
				080E96DCFE201CFB7F000001 /* MainMenu.nib in Resources */,
				089C165EFE840E0CC02AAC07 /* InfoPlist.strings in Resources */,
				4CC8EAF604A26E0D00CA0E34 /* AppIcon.icns in Resources */,
				8812CF52117DEA4F008F67D9 /* stereo_sound_resource_1.mp3 in Resources */,
				883E94DA119D67C00040B1D6 /* texture_resource_1.png in Resources */,
			);
			runOnlyForDeploymentPostprocessing = 0;
		};
/* End PBXResourcesBuildPhase section */

/* Begin PBXSourcesBuildPhase section */
		19B3CC6F119E9D300075357E /* Sources */ = {
			isa = PBXSourcesBuildPhase;
			buildActionMask = 2147483647;
			files = (
				19B3CC70119E9D300075357E /* main.m in Sources */,
				19B3CC71119E9D300075357E /* macosx_opengl_view.mm in Sources */,
				19B3CC72119E9D300075357E /* macosx_main_controller.mm in Sources */,
				19B3CC73119E9D300075357E /* macosx_scene.mm in Sources */,
				19B3CC74119E9D300075357E /* macosx_platform.mm in Sources */,
				19B3CC75119E9D300075357E /* macosx_sound_loader.m in Sources */,
				19B3CC76119E9D300075357E /* macosx_texture_loader.m in Sources */,
			);
			runOnlyForDeploymentPostprocessing = 0;
		};
		29B9732BFDCFA39411CA2CEA /* Sources */ = {
			isa = PBXSourcesBuildPhase;
			buildActionMask = 2147483647;
			files = (
				29B9732CFDCFA39411CA2CEA /* main.m in Sources */,
				05689228046B13F600000102 /* macosx_opengl_view.mm in Sources */,
				05689232046B14B900000102 /* macosx_main_controller.mm in Sources */,
				05689236046B2C0900000102 /* macosx_scene.mm in Sources */,
				886AE9FE117C8B36009CBB6F /* macosx_platform.mm in Sources */,
				8812CF45117DE8B4008F67D9 /* macosx_sound_loader.m in Sources */,
				883E947A119D62680040B1D6 /* macosx_texture_loader.m in Sources */,
			);
			runOnlyForDeploymentPostprocessing = 0;
		};
/* End PBXSourcesBuildPhase section */

/* Begin PBXVariantGroup section */
		089C165CFE840E0CC02AAC07 /* InfoPlist.strings */ = {
			isa = PBXVariantGroup;
			children = (
				089C165DFE840E0CC02AAC07 /* English */,
			);
			name = InfoPlist.strings;
			sourceTree = "<group>";
		};
		29B97318FDCFA39411CA2CEA /* MainMenu.nib */ = {
			isa = PBXVariantGroup;
			children = (
				29B97319FDCFA39411CA2CEA /* English */,
			);
			name = MainMenu.nib;
			sourceTree = "<group>";
		};
/* End PBXVariantGroup section */

/* Begin XCBuildConfiguration section */
		19B3CC7E119E9D300075357E /* Development */ = {
			isa = XCBuildConfiguration;
			buildSettings = {
				COPY_PHASE_STRIP = NO;
				FRAMEWORK_SEARCH_PATHS = "";
				GCC_DYNAMIC_NO_PIC = NO;
				GCC_ENABLE_FIX_AND_CONTINUE = YES;
				GCC_GENERATE_DEBUGGING_SYMBOLS = YES;
				GCC_OPTIMIZATION_LEVEL = 0;
				GCC_PRECOMPILE_PREFIX_HEADER = YES;
				GCC_PREFIX_HEADER = NSOpenGLFullScreen_Prefix.h;
				GCC_SYMBOLS_PRIVATE_EXTERN = NO;
				HEADER_SEARCH_PATHS = "";
				INFOPLIST_FILE = "Info-smoothernity__Upgraded.plist";
				INSTALL_PATH = "$(HOME)/Applications";
				LIBRARY_SEARCH_PATHS = "";
				OTHER_CFLAGS = "";
				OTHER_LDFLAGS = "";
				PRODUCT_NAME = Smoothernity;
				SECTORDER_FLAGS = "";
				WARNING_CFLAGS = (
					"-Wmost",
					"-Wno-four-char-constants",
					"-Wno-unknown-pragmas",
				);
				WRAPPER_EXTENSION = app;
				ZERO_LINK = YES;
			};
			name = Development;
		};
		19B3CC7F119E9D300075357E /* Deployment */ = {
			isa = XCBuildConfiguration;
			buildSettings = {
				COPY_PHASE_STRIP = YES;
				FRAMEWORK_SEARCH_PATHS = "";
				GCC_ENABLE_FIX_AND_CONTINUE = NO;
				GCC_PRECOMPILE_PREFIX_HEADER = YES;
				GCC_PREFIX_HEADER = NSOpenGLFullScreen_Prefix.h;
				GCC_SYMBOLS_PRIVATE_EXTERN = NO;
				HEADER_SEARCH_PATHS = "";
				INFOPLIST_FILE = "Info-smoothernity__Upgraded.plist";
				INSTALL_PATH = "$(HOME)/Applications";
				LIBRARY_SEARCH_PATHS = "";
				OTHER_CFLAGS = "";
				OTHER_LDFLAGS = "";
				PRODUCT_NAME = Smoothernity;
				SECTORDER_FLAGS = "";
				WARNING_CFLAGS = (
					"-Wmost",
					"-Wno-four-char-constants",
					"-Wno-unknown-pragmas",
				);
				WRAPPER_EXTENSION = app;
				ZERO_LINK = NO;
			};
			name = Deployment;
		};
		19B3CC80119E9D300075357E /* Default */ = {
			isa = XCBuildConfiguration;
			buildSettings = {
				FRAMEWORK_SEARCH_PATHS = "";
				GCC_PRECOMPILE_PREFIX_HEADER = YES;
				GCC_PREFIX_HEADER = NSOpenGLFullScreen_Prefix.h;
				GCC_SYMBOLS_PRIVATE_EXTERN = NO;
				HEADER_SEARCH_PATHS = "";
				INFOPLIST_FILE = "Info-smoothernity__Upgraded.plist";
				INSTALL_PATH = "$(HOME)/Applications";
				LIBRARY_SEARCH_PATHS = "";
				OTHER_CFLAGS = "";
				OTHER_LDFLAGS = "";
				PRODUCT_NAME = NSOpenGLFullScreen;
				SECTORDER_FLAGS = "";
				WARNING_CFLAGS = (
					"-Wmost",
					"-Wno-four-char-constants",
					"-Wno-unknown-pragmas",
				);
				WRAPPER_EXTENSION = app;
			};
			name = Default;
		};
		88CE0EDF117C860E00A1BF42 /* Development */ = {
			isa = XCBuildConfiguration;
			buildSettings = {
			};
			name = Development;
		};
		88CE0EE0117C860E00A1BF42 /* Deployment */ = {
			isa = XCBuildConfiguration;
			buildSettings = {
			};
			name = Deployment;
		};
		88CE0EE1117C860E00A1BF42 /* Default */ = {
			isa = XCBuildConfiguration;
			buildSettings = {
			};
			name = Default;
		};
		88CE0EE2117C860E00A1BF42 /* Development */ = {
			isa = XCBuildConfiguration;
			buildSettings = {
				COPY_PHASE_STRIP = NO;
				FRAMEWORK_SEARCH_PATHS = "";
				GCC_DYNAMIC_NO_PIC = NO;
				GCC_ENABLE_FIX_AND_CONTINUE = YES;
				GCC_GENERATE_DEBUGGING_SYMBOLS = YES;
				GCC_OPTIMIZATION_LEVEL = 0;
				HEADER_SEARCH_PATHS = "";
				INSTALL_PATH = "$(HOME)/Applications";
				LIBRARY_SEARCH_PATHS = "";
				OTHER_CFLAGS = "";
				OTHER_LDFLAGS = "";
				PRECOMPILE_PREFIX_HEADER = YES;
				PREFIX_HEADER = NSOpenGLFullScreen_Prefix.h;
				PRODUCT_NAME = Smoothernity;
				SECTORDER_FLAGS = "";
				WARNING_CFLAGS = (
					"-Wmost",
					"-Wno-four-char-constants",
					"-Wno-unknown-pragmas",
				);
				WRAPPER_EXTENSION = app;
				ZERO_LINK = YES;
			};
			name = Development;
		};
		88CE0EE3117C860E00A1BF42 /* Deployment */ = {
			isa = XCBuildConfiguration;
			buildSettings = {
				COPY_PHASE_STRIP = YES;
				FRAMEWORK_SEARCH_PATHS = "";
				GCC_ENABLE_FIX_AND_CONTINUE = NO;
				HEADER_SEARCH_PATHS = "";
				INSTALL_PATH = "$(HOME)/Applications";
				LIBRARY_SEARCH_PATHS = "";
				OTHER_CFLAGS = "";
				OTHER_LDFLAGS = "";
				PRECOMPILE_PREFIX_HEADER = YES;
				PREFIX_HEADER = NSOpenGLFullScreen_Prefix.h;
				PRODUCT_NAME = Smoothernity;
				SECTORDER_FLAGS = "";
				WARNING_CFLAGS = (
					"-Wmost",
					"-Wno-four-char-constants",
					"-Wno-unknown-pragmas",
				);
				WRAPPER_EXTENSION = app;
				ZERO_LINK = NO;
			};
			name = Deployment;
		};
		88CE0EE4117C860E00A1BF42 /* Default */ = {
			isa = XCBuildConfiguration;
			buildSettings = {
				FRAMEWORK_SEARCH_PATHS = "";
				HEADER_SEARCH_PATHS = "";
				INSTALL_PATH = "$(HOME)/Applications";
				LIBRARY_SEARCH_PATHS = "";
				OTHER_CFLAGS = "";
				OTHER_LDFLAGS = "";
				PRECOMPILE_PREFIX_HEADER = YES;
				PREFIX_HEADER = NSOpenGLFullScreen_Prefix.h;
				PRODUCT_NAME = NSOpenGLFullScreen;
				SECTORDER_FLAGS = "";
				WARNING_CFLAGS = (
					"-Wmost",
					"-Wno-four-char-constants",
					"-Wno-unknown-pragmas",
				);
				WRAPPER_EXTENSION = app;
			};
			name = Default;
		};
/* End XCBuildConfiguration section */

/* Begin XCConfigurationList section */
		19B3CC7D119E9D300075357E /* Build configuration list for PBXNativeTarget "smoothernity (Upgraded)" */ = {
			isa = XCConfigurationList;
			buildConfigurations = (
				19B3CC7E119E9D300075357E /* Development */,
				19B3CC7F119E9D300075357E /* Deployment */,
				19B3CC80119E9D300075357E /* Default */,
			);
			defaultConfigurationIsVisible = 0;
			defaultConfigurationName = Default;
		};
		88CE0EE5117C860F00A1BF42 /* Build configuration list for PBXProject "smoothernity" */ = {
			isa = XCConfigurationList;
			buildConfigurations = (
				88CE0EDF117C860E00A1BF42 /* Development */,
				88CE0EE0117C860E00A1BF42 /* Deployment */,
				88CE0EE1117C860E00A1BF42 /* Default */,
			);
			defaultConfigurationIsVisible = 0;
			defaultConfigurationName = Default;
		};
		88CE0EE6117C860F00A1BF42 /* Build configuration list for PBXApplicationTarget "smoothernity" */ = {
			isa = XCConfigurationList;
			buildConfigurations = (
				88CE0EE2117C860E00A1BF42 /* Development */,
				88CE0EE3117C860E00A1BF42 /* Deployment */,
				88CE0EE4117C860E00A1BF42 /* Default */,
			);
			defaultConfigurationIsVisible = 0;
			defaultConfigurationName = Default;
		};
/* End XCConfigurationList section */
	};
	rootObject = 29B97313FDCFA39411CA2CEA /* Project object */;
}
